// !$*UTF8*$!
{
	archiveVersion = 1;
	classes = {
	};
	objectVersion = 50;
	objects = {

/* Begin PBXBuildFile section */
		0CAE621D9BF61D70B7AFD4DB /* Pods_try_swiftUI_weather_try_swiftUI_weatherUITests.framework in Frameworks */ = {isa = PBXBuildFile; fileRef = E9C313CB33DEBA2CAAEF702C /* Pods_try_swiftUI_weather_try_swiftUI_weatherUITests.framework */; };
		3BA397394004373E74DA791C /* Pods_try_swiftUI_weather.framework in Frameworks */ = {isa = PBXBuildFile; fileRef = 78EC131722DA9C03EC85A319 /* Pods_try_swiftUI_weather.framework */; };
		A5539F172471E6BE00E3F5B5 /* AppDelegate.swift in Sources */ = {isa = PBXBuildFile; fileRef = A5539F162471E6BE00E3F5B5 /* AppDelegate.swift */; };
		A5539F192471E6BE00E3F5B5 /* SceneDelegate.swift in Sources */ = {isa = PBXBuildFile; fileRef = A5539F182471E6BE00E3F5B5 /* SceneDelegate.swift */; };
		A5539F1B2471E6BE00E3F5B5 /* ContentView.swift in Sources */ = {isa = PBXBuildFile; fileRef = A5539F1A2471E6BE00E3F5B5 /* ContentView.swift */; };
		A5539F1D2471E6C100E3F5B5 /* Assets.xcassets in Resources */ = {isa = PBXBuildFile; fileRef = A5539F1C2471E6C100E3F5B5 /* Assets.xcassets */; };
		A5539F202471E6C100E3F5B5 /* Preview Assets.xcassets in Resources */ = {isa = PBXBuildFile; fileRef = A5539F1F2471E6C100E3F5B5 /* Preview Assets.xcassets */; };
		A5539F232471E6C100E3F5B5 /* LaunchScreen.storyboard in Resources */ = {isa = PBXBuildFile; fileRef = A5539F212471E6C100E3F5B5 /* LaunchScreen.storyboard */; };
		A5539F2E2471E6C100E3F5B5 /* try_swiftUI_weatherTests.swift in Sources */ = {isa = PBXBuildFile; fileRef = A5539F2D2471E6C100E3F5B5 /* try_swiftUI_weatherTests.swift */; };
		A5539F392471E6C100E3F5B5 /* try_swiftUI_weatherUITests.swift in Sources */ = {isa = PBXBuildFile; fileRef = A5539F382471E6C100E3F5B5 /* try_swiftUI_weatherUITests.swift */; };
		DA77CB146CED1A081DFCB303 /* Pods_try_swiftUI_weatherTests.framework in Frameworks */ = {isa = PBXBuildFile; fileRef = 81D513E5521ADDD4C1E0AEE1 /* Pods_try_swiftUI_weatherTests.framework */; };
/* End PBXBuildFile section */

/* Begin PBXContainerItemProxy section */
		A5539F2A2471E6C100E3F5B5 /* PBXContainerItemProxy */ = {
			isa = PBXContainerItemProxy;
			containerPortal = A5539F0B2471E6BE00E3F5B5 /* Project object */;
			proxyType = 1;
			remoteGlobalIDString = A5539F122471E6BE00E3F5B5;
			remoteInfo = "try-swiftUI-weather";
		};
		A5539F352471E6C100E3F5B5 /* PBXContainerItemProxy */ = {
			isa = PBXContainerItemProxy;
			containerPortal = A5539F0B2471E6BE00E3F5B5 /* Project object */;
			proxyType = 1;
			remoteGlobalIDString = A5539F122471E6BE00E3F5B5;
			remoteInfo = "try-swiftUI-weather";
		};
/* End PBXContainerItemProxy section */

/* Begin PBXFileReference section */
		029DEC659B387AA130495171 /* Pods-try-swiftUI-weatherTests.debug.xcconfig */ = {isa = PBXFileReference; includeInIndex = 1; lastKnownFileType = text.xcconfig; name = "Pods-try-swiftUI-weatherTests.debug.xcconfig"; path = "Target Support Files/Pods-try-swiftUI-weatherTests/Pods-try-swiftUI-weatherTests.debug.xcconfig"; sourceTree = "<group>"; };
		1E52D461DFD17FE58B83C7AF /* Pods-try-swiftUI-weather.debug.xcconfig */ = {isa = PBXFileReference; includeInIndex = 1; lastKnownFileType = text.xcconfig; name = "Pods-try-swiftUI-weather.debug.xcconfig"; path = "Target Support Files/Pods-try-swiftUI-weather/Pods-try-swiftUI-weather.debug.xcconfig"; sourceTree = "<group>"; };
		52C84027EB6AE17F96BFA657 /* Pods-try-swiftUI-weather-try-swiftUI-weatherUITests.release.xcconfig */ = {isa = PBXFileReference; includeInIndex = 1; lastKnownFileType = text.xcconfig; name = "Pods-try-swiftUI-weather-try-swiftUI-weatherUITests.release.xcconfig"; path = "Target Support Files/Pods-try-swiftUI-weather-try-swiftUI-weatherUITests/Pods-try-swiftUI-weather-try-swiftUI-weatherUITests.release.xcconfig"; sourceTree = "<group>"; };
		78EC131722DA9C03EC85A319 /* Pods_try_swiftUI_weather.framework */ = {isa = PBXFileReference; explicitFileType = wrapper.framework; includeInIndex = 0; path = Pods_try_swiftUI_weather.framework; sourceTree = BUILT_PRODUCTS_DIR; };
		81D513E5521ADDD4C1E0AEE1 /* Pods_try_swiftUI_weatherTests.framework */ = {isa = PBXFileReference; explicitFileType = wrapper.framework; includeInIndex = 0; path = Pods_try_swiftUI_weatherTests.framework; sourceTree = BUILT_PRODUCTS_DIR; };
		A5539F132471E6BE00E3F5B5 /* try-swiftUI-weather.app */ = {isa = PBXFileReference; explicitFileType = wrapper.application; includeInIndex = 0; path = "try-swiftUI-weather.app"; sourceTree = BUILT_PRODUCTS_DIR; };
		A5539F162471E6BE00E3F5B5 /* AppDelegate.swift */ = {isa = PBXFileReference; lastKnownFileType = sourcecode.swift; path = AppDelegate.swift; sourceTree = "<group>"; };
		A5539F182471E6BE00E3F5B5 /* SceneDelegate.swift */ = {isa = PBXFileReference; lastKnownFileType = sourcecode.swift; path = SceneDelegate.swift; sourceTree = "<group>"; };
		A5539F1A2471E6BE00E3F5B5 /* ContentView.swift */ = {isa = PBXFileReference; lastKnownFileType = sourcecode.swift; path = ContentView.swift; sourceTree = "<group>"; };
		A5539F1C2471E6C100E3F5B5 /* Assets.xcassets */ = {isa = PBXFileReference; lastKnownFileType = folder.assetcatalog; path = Assets.xcassets; sourceTree = "<group>"; };
		A5539F1F2471E6C100E3F5B5 /* Preview Assets.xcassets */ = {isa = PBXFileReference; lastKnownFileType = folder.assetcatalog; path = "Preview Assets.xcassets"; sourceTree = "<group>"; };
		A5539F222471E6C100E3F5B5 /* Base */ = {isa = PBXFileReference; lastKnownFileType = file.storyboard; name = Base; path = Base.lproj/LaunchScreen.storyboard; sourceTree = "<group>"; };
		A5539F242471E6C100E3F5B5 /* Info.plist */ = {isa = PBXFileReference; lastKnownFileType = text.plist.xml; path = Info.plist; sourceTree = "<group>"; };
		A5539F292471E6C100E3F5B5 /* try-swiftUI-weatherTests.xctest */ = {isa = PBXFileReference; explicitFileType = wrapper.cfbundle; includeInIndex = 0; path = "try-swiftUI-weatherTests.xctest"; sourceTree = BUILT_PRODUCTS_DIR; };
		A5539F2D2471E6C100E3F5B5 /* try_swiftUI_weatherTests.swift */ = {isa = PBXFileReference; lastKnownFileType = sourcecode.swift; path = try_swiftUI_weatherTests.swift; sourceTree = "<group>"; };
		A5539F2F2471E6C100E3F5B5 /* Info.plist */ = {isa = PBXFileReference; lastKnownFileType = text.plist.xml; path = Info.plist; sourceTree = "<group>"; };
		A5539F342471E6C100E3F5B5 /* try-swiftUI-weatherUITests.xctest */ = {isa = PBXFileReference; explicitFileType = wrapper.cfbundle; includeInIndex = 0; path = "try-swiftUI-weatherUITests.xctest"; sourceTree = BUILT_PRODUCTS_DIR; };
		A5539F382471E6C100E3F5B5 /* try_swiftUI_weatherUITests.swift */ = {isa = PBXFileReference; lastKnownFileType = sourcecode.swift; path = try_swiftUI_weatherUITests.swift; sourceTree = "<group>"; };
		A5539F3A2471E6C100E3F5B5 /* Info.plist */ = {isa = PBXFileReference; lastKnownFileType = text.plist.xml; path = Info.plist; sourceTree = "<group>"; };
		A581F72761E502022507910D /* Pods-try-swiftUI-weatherTests.release.xcconfig */ = {isa = PBXFileReference; includeInIndex = 1; lastKnownFileType = text.xcconfig; name = "Pods-try-swiftUI-weatherTests.release.xcconfig"; path = "Target Support Files/Pods-try-swiftUI-weatherTests/Pods-try-swiftUI-weatherTests.release.xcconfig"; sourceTree = "<group>"; };
		C50AC70339C345E0ED374C85 /* Pods-try-swiftUI-weather.release.xcconfig */ = {isa = PBXFileReference; includeInIndex = 1; lastKnownFileType = text.xcconfig; name = "Pods-try-swiftUI-weather.release.xcconfig"; path = "Target Support Files/Pods-try-swiftUI-weather/Pods-try-swiftUI-weather.release.xcconfig"; sourceTree = "<group>"; };
		D9AA4249852B9160B9965135 /* Pods-try-swiftUI-weather-try-swiftUI-weatherUITests.debug.xcconfig */ = {isa = PBXFileReference; includeInIndex = 1; lastKnownFileType = text.xcconfig; name = "Pods-try-swiftUI-weather-try-swiftUI-weatherUITests.debug.xcconfig"; path = "Target Support Files/Pods-try-swiftUI-weather-try-swiftUI-weatherUITests/Pods-try-swiftUI-weather-try-swiftUI-weatherUITests.debug.xcconfig"; sourceTree = "<group>"; };
		E9C313CB33DEBA2CAAEF702C /* Pods_try_swiftUI_weather_try_swiftUI_weatherUITests.framework */ = {isa = PBXFileReference; explicitFileType = wrapper.framework; includeInIndex = 0; path = Pods_try_swiftUI_weather_try_swiftUI_weatherUITests.framework; sourceTree = BUILT_PRODUCTS_DIR; };
/* End PBXFileReference section */

/* Begin PBXFrameworksBuildPhase section */
		A5539F102471E6BE00E3F5B5 /* Frameworks */ = {
			isa = PBXFrameworksBuildPhase;
			buildActionMask = 2147483647;
			files = (
				3BA397394004373E74DA791C /* Pods_try_swiftUI_weather.framework in Frameworks */,
			);
			runOnlyForDeploymentPostprocessing = 0;
		};
		A5539F262471E6C100E3F5B5 /* Frameworks */ = {
			isa = PBXFrameworksBuildPhase;
			buildActionMask = 2147483647;
			files = (
				DA77CB146CED1A081DFCB303 /* Pods_try_swiftUI_weatherTests.framework in Frameworks */,
			);
			runOnlyForDeploymentPostprocessing = 0;
		};
		A5539F312471E6C100E3F5B5 /* Frameworks */ = {
			isa = PBXFrameworksBuildPhase;
			buildActionMask = 2147483647;
			files = (
				0CAE621D9BF61D70B7AFD4DB /* Pods_try_swiftUI_weather_try_swiftUI_weatherUITests.framework in Frameworks */,
			);
			runOnlyForDeploymentPostprocessing = 0;
		};
/* End PBXFrameworksBuildPhase section */

/* Begin PBXGroup section */
		728F0793835E8F6A137D1E44 /* Frameworks */ = {
			isa = PBXGroup;
			children = (
				78EC131722DA9C03EC85A319 /* Pods_try_swiftUI_weather.framework */,
				E9C313CB33DEBA2CAAEF702C /* Pods_try_swiftUI_weather_try_swiftUI_weatherUITests.framework */,
				81D513E5521ADDD4C1E0AEE1 /* Pods_try_swiftUI_weatherTests.framework */,
			);
			name = Frameworks;
			sourceTree = "<group>";
		};
		A5539F0A2471E6BE00E3F5B5 = {
			isa = PBXGroup;
			children = (
				A5539F152471E6BE00E3F5B5 /* try-swiftUI-weather */,
				A5539F2C2471E6C100E3F5B5 /* try-swiftUI-weatherTests */,
				A5539F372471E6C100E3F5B5 /* try-swiftUI-weatherUITests */,
				A5539F142471E6BE00E3F5B5 /* Products */,
				DD39B040D1CF8888508E4EE5 /* Pods */,
				728F0793835E8F6A137D1E44 /* Frameworks */,
			);
			sourceTree = "<group>";
		};
		A5539F142471E6BE00E3F5B5 /* Products */ = {
			isa = PBXGroup;
			children = (
				A5539F132471E6BE00E3F5B5 /* try-swiftUI-weather.app */,
				A5539F292471E6C100E3F5B5 /* try-swiftUI-weatherTests.xctest */,
				A5539F342471E6C100E3F5B5 /* try-swiftUI-weatherUITests.xctest */,
			);
			name = Products;
			sourceTree = "<group>";
		};
		A5539F152471E6BE00E3F5B5 /* try-swiftUI-weather */ = {
			isa = PBXGroup;
			children = (
				A5539F162471E6BE00E3F5B5 /* AppDelegate.swift */,
				A5539F182471E6BE00E3F5B5 /* SceneDelegate.swift */,
				A5539F1A2471E6BE00E3F5B5 /* ContentView.swift */,
				A5539F1C2471E6C100E3F5B5 /* Assets.xcassets */,
				A5539F212471E6C100E3F5B5 /* LaunchScreen.storyboard */,
				A5539F242471E6C100E3F5B5 /* Info.plist */,
				A5539F1E2471E6C100E3F5B5 /* Preview Content */,
			);
			path = "try-swiftUI-weather";
			sourceTree = "<group>";
		};
		A5539F1E2471E6C100E3F5B5 /* Preview Content */ = {
			isa = PBXGroup;
			children = (
				A5539F1F2471E6C100E3F5B5 /* Preview Assets.xcassets */,
			);
			path = "Preview Content";
			sourceTree = "<group>";
		};
		A5539F2C2471E6C100E3F5B5 /* try-swiftUI-weatherTests */ = {
			isa = PBXGroup;
			children = (
				A5539F2D2471E6C100E3F5B5 /* try_swiftUI_weatherTests.swift */,
				A5539F2F2471E6C100E3F5B5 /* Info.plist */,
			);
			path = "try-swiftUI-weatherTests";
			sourceTree = "<group>";
		};
		A5539F372471E6C100E3F5B5 /* try-swiftUI-weatherUITests */ = {
			isa = PBXGroup;
			children = (
				A5539F382471E6C100E3F5B5 /* try_swiftUI_weatherUITests.swift */,
				A5539F3A2471E6C100E3F5B5 /* Info.plist */,
			);
			path = "try-swiftUI-weatherUITests";
			sourceTree = "<group>";
		};
		DD39B040D1CF8888508E4EE5 /* Pods */ = {
			isa = PBXGroup;
			children = (
				1E52D461DFD17FE58B83C7AF /* Pods-try-swiftUI-weather.debug.xcconfig */,
				C50AC70339C345E0ED374C85 /* Pods-try-swiftUI-weather.release.xcconfig */,
				D9AA4249852B9160B9965135 /* Pods-try-swiftUI-weather-try-swiftUI-weatherUITests.debug.xcconfig */,
				52C84027EB6AE17F96BFA657 /* Pods-try-swiftUI-weather-try-swiftUI-weatherUITests.release.xcconfig */,
				029DEC659B387AA130495171 /* Pods-try-swiftUI-weatherTests.debug.xcconfig */,
				A581F72761E502022507910D /* Pods-try-swiftUI-weatherTests.release.xcconfig */,
			);
			name = Pods;
			path = Pods;
			sourceTree = "<group>";
		};
/* End PBXGroup section */

/* Begin PBXNativeTarget section */
		A5539F122471E6BE00E3F5B5 /* try-swiftUI-weather */ = {
			isa = PBXNativeTarget;
			buildConfigurationList = A5539F3D2471E6C100E3F5B5 /* Build configuration list for PBXNativeTarget "try-swiftUI-weather" */;
			buildPhases = (
				5D40C23B1791B5597BEA6823 /* [CP] Check Pods Manifest.lock */,
				A5539F0F2471E6BE00E3F5B5 /* Sources */,
				A5539F102471E6BE00E3F5B5 /* Frameworks */,
				A5539F112471E6BE00E3F5B5 /* Resources */,
			);
			buildRules = (
			);
			dependencies = (
			);
			name = "try-swiftUI-weather";
			productName = "try-swiftUI-weather";
			productReference = A5539F132471E6BE00E3F5B5 /* try-swiftUI-weather.app */;
			productType = "com.apple.product-type.application";
		};
		A5539F282471E6C100E3F5B5 /* try-swiftUI-weatherTests */ = {
			isa = PBXNativeTarget;
			buildConfigurationList = A5539F402471E6C100E3F5B5 /* Build configuration list for PBXNativeTarget "try-swiftUI-weatherTests" */;
			buildPhases = (
				7DD2A4F827B22473E3CB92DA /* [CP] Check Pods Manifest.lock */,
				A5539F252471E6C100E3F5B5 /* Sources */,
				A5539F262471E6C100E3F5B5 /* Frameworks */,
				A5539F272471E6C100E3F5B5 /* Resources */,
			);
			buildRules = (
			);
			dependencies = (
				A5539F2B2471E6C100E3F5B5 /* PBXTargetDependency */,
			);
			name = "try-swiftUI-weatherTests";
			productName = "try-swiftUI-weatherTests";
			productReference = A5539F292471E6C100E3F5B5 /* try-swiftUI-weatherTests.xctest */;
			productType = "com.apple.product-type.bundle.unit-test";
		};
		A5539F332471E6C100E3F5B5 /* try-swiftUI-weatherUITests */ = {
			isa = PBXNativeTarget;
			buildConfigurationList = A5539F432471E6C100E3F5B5 /* Build configuration list for PBXNativeTarget "try-swiftUI-weatherUITests" */;
			buildPhases = (
				75B01F982C95DE2EA3FB6A60 /* [CP] Check Pods Manifest.lock */,
				A5539F302471E6C100E3F5B5 /* Sources */,
				A5539F312471E6C100E3F5B5 /* Frameworks */,
				A5539F322471E6C100E3F5B5 /* Resources */,
			);
			buildRules = (
			);
			dependencies = (
				A5539F362471E6C100E3F5B5 /* PBXTargetDependency */,
			);
			name = "try-swiftUI-weatherUITests";
			productName = "try-swiftUI-weatherUITests";
			productReference = A5539F342471E6C100E3F5B5 /* try-swiftUI-weatherUITests.xctest */;
			productType = "com.apple.product-type.bundle.ui-testing";
		};
/* End PBXNativeTarget section */

/* Begin PBXProject section */
		A5539F0B2471E6BE00E3F5B5 /* Project object */ = {
			isa = PBXProject;
			attributes = {
				LastSwiftUpdateCheck = 1140;
				LastUpgradeCheck = 1140;
				ORGANIZATIONNAME = "Wataru Maeda";
				TargetAttributes = {
					A5539F122471E6BE00E3F5B5 = {
						CreatedOnToolsVersion = 11.4.1;
					};
					A5539F282471E6C100E3F5B5 = {
						CreatedOnToolsVersion = 11.4.1;
						TestTargetID = A5539F122471E6BE00E3F5B5;
					};
					A5539F332471E6C100E3F5B5 = {
						CreatedOnToolsVersion = 11.4.1;
						TestTargetID = A5539F122471E6BE00E3F5B5;
					};
				};
			};
			buildConfigurationList = A5539F0E2471E6BE00E3F5B5 /* Build configuration list for PBXProject "try-swiftUI-weather" */;
			compatibilityVersion = "Xcode 9.3";
			developmentRegion = en;
			hasScannedForEncodings = 0;
			knownRegions = (
				en,
				Base,
			);
			mainGroup = A5539F0A2471E6BE00E3F5B5;
			productRefGroup = A5539F142471E6BE00E3F5B5 /* Products */;
			projectDirPath = "";
			projectRoot = "";
			targets = (
				A5539F122471E6BE00E3F5B5 /* try-swiftUI-weather */,
				A5539F282471E6C100E3F5B5 /* try-swiftUI-weatherTests */,
				A5539F332471E6C100E3F5B5 /* try-swiftUI-weatherUITests */,
			);
		};
/* End PBXProject section */

/* Begin PBXResourcesBuildPhase section */
		A5539F112471E6BE00E3F5B5 /* Resources */ = {
			isa = PBXResourcesBuildPhase;
			buildActionMask = 2147483647;
			files = (
				A5539F232471E6C100E3F5B5 /* LaunchScreen.storyboard in Resources */,
				A5539F202471E6C100E3F5B5 /* Preview Assets.xcassets in Resources */,
				A5539F1D2471E6C100E3F5B5 /* Assets.xcassets in Resources */,
			);
			runOnlyForDeploymentPostprocessing = 0;
		};
		A5539F272471E6C100E3F5B5 /* Resources */ = {
			isa = PBXResourcesBuildPhase;
			buildActionMask = 2147483647;
			files = (
			);
			runOnlyForDeploymentPostprocessing = 0;
		};
		A5539F322471E6C100E3F5B5 /* Resources */ = {
			isa = PBXResourcesBuildPhase;
			buildActionMask = 2147483647;
			files = (
			);
			runOnlyForDeploymentPostprocessing = 0;
		};
/* End PBXResourcesBuildPhase section */

/* Begin PBXShellScriptBuildPhase section */
		5D40C23B1791B5597BEA6823 /* [CP] Check Pods Manifest.lock */ = {
			isa = PBXShellScriptBuildPhase;
			buildActionMask = 2147483647;
			files = (
			);
			inputFileListPaths = (
			);
			inputPaths = (
				"${PODS_PODFILE_DIR_PATH}/Podfile.lock",
				"${PODS_ROOT}/Manifest.lock",
			);
			name = "[CP] Check Pods Manifest.lock";
			outputFileListPaths = (
			);
			outputPaths = (
				"$(DERIVED_FILE_DIR)/Pods-try-swiftUI-weather-checkManifestLockResult.txt",
			);
			runOnlyForDeploymentPostprocessing = 0;
			shellPath = /bin/sh;
			shellScript = "diff \"${PODS_PODFILE_DIR_PATH}/Podfile.lock\" \"${PODS_ROOT}/Manifest.lock\" > /dev/null\nif [ $? != 0 ] ; then\n    # print error to STDERR\n    echo \"error: The sandbox is not in sync with the Podfile.lock. Run 'pod install' or update your CocoaPods installation.\" >&2\n    exit 1\nfi\n# This output is used by Xcode 'outputs' to avoid re-running this script phase.\necho \"SUCCESS\" > \"${SCRIPT_OUTPUT_FILE_0}\"\n";
			showEnvVarsInLog = 0;
		};
		75B01F982C95DE2EA3FB6A60 /* [CP] Check Pods Manifest.lock */ = {
			isa = PBXShellScriptBuildPhase;
			buildActionMask = 2147483647;
			files = (
			);
			inputFileListPaths = (
			);
			inputPaths = (
				"${PODS_PODFILE_DIR_PATH}/Podfile.lock",
				"${PODS_ROOT}/Manifest.lock",
			);
			name = "[CP] Check Pods Manifest.lock";
			outputFileListPaths = (
			);
			outputPaths = (
				"$(DERIVED_FILE_DIR)/Pods-try-swiftUI-weather-try-swiftUI-weatherUITests-checkManifestLockResult.txt",
			);
			runOnlyForDeploymentPostprocessing = 0;
			shellPath = /bin/sh;
			shellScript = "diff \"${PODS_PODFILE_DIR_PATH}/Podfile.lock\" \"${PODS_ROOT}/Manifest.lock\" > /dev/null\nif [ $? != 0 ] ; then\n    # print error to STDERR\n    echo \"error: The sandbox is not in sync with the Podfile.lock. Run 'pod install' or update your CocoaPods installation.\" >&2\n    exit 1\nfi\n# This output is used by Xcode 'outputs' to avoid re-running this script phase.\necho \"SUCCESS\" > \"${SCRIPT_OUTPUT_FILE_0}\"\n";
			showEnvVarsInLog = 0;
		};
		7DD2A4F827B22473E3CB92DA /* [CP] Check Pods Manifest.lock */ = {
			isa = PBXShellScriptBuildPhase;
			buildActionMask = 2147483647;
			files = (
			);
			inputFileListPaths = (
			);
			inputPaths = (
				"${PODS_PODFILE_DIR_PATH}/Podfile.lock",
				"${PODS_ROOT}/Manifest.lock",
			);
			name = "[CP] Check Pods Manifest.lock";
			outputFileListPaths = (
			);
			outputPaths = (
				"$(DERIVED_FILE_DIR)/Pods-try-swiftUI-weatherTests-checkManifestLockResult.txt",
			);
			runOnlyForDeploymentPostprocessing = 0;
			shellPath = /bin/sh;
			shellScript = "diff \"${PODS_PODFILE_DIR_PATH}/Podfile.lock\" \"${PODS_ROOT}/Manifest.lock\" > /dev/null\nif [ $? != 0 ] ; then\n    # print error to STDERR\n    echo \"error: The sandbox is not in sync with the Podfile.lock. Run 'pod install' or update your CocoaPods installation.\" >&2\n    exit 1\nfi\n# This output is used by Xcode 'outputs' to avoid re-running this script phase.\necho \"SUCCESS\" > \"${SCRIPT_OUTPUT_FILE_0}\"\n";
			showEnvVarsInLog = 0;
		};
/* End PBXShellScriptBuildPhase section */

/* Begin PBXSourcesBuildPhase section */
		A5539F0F2471E6BE00E3F5B5 /* Sources */ = {
			isa = PBXSourcesBuildPhase;
			buildActionMask = 2147483647;
			files = (
				A5539F172471E6BE00E3F5B5 /* AppDelegate.swift in Sources */,
				A5539F192471E6BE00E3F5B5 /* SceneDelegate.swift in Sources */,
				A5539F1B2471E6BE00E3F5B5 /* ContentView.swift in Sources */,
			);
			runOnlyForDeploymentPostprocessing = 0;
		};
		A5539F252471E6C100E3F5B5 /* Sources */ = {
			isa = PBXSourcesBuildPhase;
			buildActionMask = 2147483647;
			files = (
				A5539F2E2471E6C100E3F5B5 /* try_swiftUI_weatherTests.swift in Sources */,
			);
			runOnlyForDeploymentPostprocessing = 0;
		};
		A5539F302471E6C100E3F5B5 /* Sources */ = {
			isa = PBXSourcesBuildPhase;
			buildActionMask = 2147483647;
			files = (
				A5539F392471E6C100E3F5B5 /* try_swiftUI_weatherUITests.swift in Sources */,
			);
			runOnlyForDeploymentPostprocessing = 0;
		};
/* End PBXSourcesBuildPhase section */

/* Begin PBXTargetDependency section */
		A5539F2B2471E6C100E3F5B5 /* PBXTargetDependency */ = {
			isa = PBXTargetDependency;
			target = A5539F122471E6BE00E3F5B5 /* try-swiftUI-weather */;
			targetProxy = A5539F2A2471E6C100E3F5B5 /* PBXContainerItemProxy */;
		};
		A5539F362471E6C100E3F5B5 /* PBXTargetDependency */ = {
			isa = PBXTargetDependency;
			target = A5539F122471E6BE00E3F5B5 /* try-swiftUI-weather */;
			targetProxy = A5539F352471E6C100E3F5B5 /* PBXContainerItemProxy */;
		};
/* End PBXTargetDependency section */

/* Begin PBXVariantGroup section */
		A5539F212471E6C100E3F5B5 /* LaunchScreen.storyboard */ = {
			isa = PBXVariantGroup;
			children = (
				A5539F222471E6C100E3F5B5 /* Base */,
			);
			name = LaunchScreen.storyboard;
			sourceTree = "<group>";
		};
/* End PBXVariantGroup section */

/* Begin XCBuildConfiguration section */
		A5539F3B2471E6C100E3F5B5 /* Debug */ = {
			isa = XCBuildConfiguration;
			buildSettings = {
				ALWAYS_SEARCH_USER_PATHS = NO;
				CLANG_ANALYZER_NONNULL = YES;
				CLANG_ANALYZER_NUMBER_OBJECT_CONVERSION = YES_AGGRESSIVE;
				CLANG_CXX_LANGUAGE_STANDARD = "gnu++14";
				CLANG_CXX_LIBRARY = "libc++";
				CLANG_ENABLE_MODULES = YES;
				CLANG_ENABLE_OBJC_ARC = YES;
				CLANG_ENABLE_OBJC_WEAK = YES;
				CLANG_WARN_BLOCK_CAPTURE_AUTORELEASING = YES;
				CLANG_WARN_BOOL_CONVERSION = YES;
				CLANG_WARN_COMMA = YES;
				CLANG_WARN_CONSTANT_CONVERSION = YES;
				CLANG_WARN_DEPRECATED_OBJC_IMPLEMENTATIONS = YES;
				CLANG_WARN_DIRECT_OBJC_ISA_USAGE = YES_ERROR;
				CLANG_WARN_DOCUMENTATION_COMMENTS = YES;
				CLANG_WARN_EMPTY_BODY = YES;
				CLANG_WARN_ENUM_CONVERSION = YES;
				CLANG_WARN_INFINITE_RECURSION = YES;
				CLANG_WARN_INT_CONVERSION = YES;
				CLANG_WARN_NON_LITERAL_NULL_CONVERSION = YES;
				CLANG_WARN_OBJC_IMPLICIT_RETAIN_SELF = YES;
				CLANG_WARN_OBJC_LITERAL_CONVERSION = YES;
				CLANG_WARN_OBJC_ROOT_CLASS = YES_ERROR;
				CLANG_WARN_RANGE_LOOP_ANALYSIS = YES;
				CLANG_WARN_STRICT_PROTOTYPES = YES;
				CLANG_WARN_SUSPICIOUS_MOVE = YES;
				CLANG_WARN_UNGUARDED_AVAILABILITY = YES_AGGRESSIVE;
				CLANG_WARN_UNREACHABLE_CODE = YES;
				CLANG_WARN__DUPLICATE_METHOD_MATCH = YES;
				COPY_PHASE_STRIP = NO;
				DEBUG_INFORMATION_FORMAT = dwarf;
				ENABLE_STRICT_OBJC_MSGSEND = YES;
				ENABLE_TESTABILITY = YES;
				GCC_C_LANGUAGE_STANDARD = gnu11;
				GCC_DYNAMIC_NO_PIC = NO;
				GCC_NO_COMMON_BLOCKS = YES;
				GCC_OPTIMIZATION_LEVEL = 0;
				GCC_PREPROCESSOR_DEFINITIONS = (
					"DEBUG=1",
					"$(inherited)",
				);
				GCC_WARN_64_TO_32_BIT_CONVERSION = YES;
				GCC_WARN_ABOUT_RETURN_TYPE = YES_ERROR;
				GCC_WARN_UNDECLARED_SELECTOR = YES;
				GCC_WARN_UNINITIALIZED_AUTOS = YES_AGGRESSIVE;
				GCC_WARN_UNUSED_FUNCTION = YES;
				GCC_WARN_UNUSED_VARIABLE = YES;
				IPHONEOS_DEPLOYMENT_TARGET = 13.4;
				MTL_ENABLE_DEBUG_INFO = INCLUDE_SOURCE;
				MTL_FAST_MATH = YES;
				ONLY_ACTIVE_ARCH = YES;
				SDKROOT = iphoneos;
				SWIFT_ACTIVE_COMPILATION_CONDITIONS = DEBUG;
				SWIFT_OPTIMIZATION_LEVEL = "-Onone";
			};
			name = Debug;
		};
		A5539F3C2471E6C100E3F5B5 /* Release */ = {
			isa = XCBuildConfiguration;
			buildSettings = {
				ALWAYS_SEARCH_USER_PATHS = NO;
				CLANG_ANALYZER_NONNULL = YES;
				CLANG_ANALYZER_NUMBER_OBJECT_CONVERSION = YES_AGGRESSIVE;
				CLANG_CXX_LANGUAGE_STANDARD = "gnu++14";
				CLANG_CXX_LIBRARY = "libc++";
				CLANG_ENABLE_MODULES = YES;
				CLANG_ENABLE_OBJC_ARC = YES;
				CLANG_ENABLE_OBJC_WEAK = YES;
				CLANG_WARN_BLOCK_CAPTURE_AUTORELEASING = YES;
				CLANG_WARN_BOOL_CONVERSION = YES;
				CLANG_WARN_COMMA = YES;
				CLANG_WARN_CONSTANT_CONVERSION = YES;
				CLANG_WARN_DEPRECATED_OBJC_IMPLEMENTATIONS = YES;
				CLANG_WARN_DIRECT_OBJC_ISA_USAGE = YES_ERROR;
				CLANG_WARN_DOCUMENTATION_COMMENTS = YES;
				CLANG_WARN_EMPTY_BODY = YES;
				CLANG_WARN_ENUM_CONVERSION = YES;
				CLANG_WARN_INFINITE_RECURSION = YES;
				CLANG_WARN_INT_CONVERSION = YES;
				CLANG_WARN_NON_LITERAL_NULL_CONVERSION = YES;
				CLANG_WARN_OBJC_IMPLICIT_RETAIN_SELF = YES;
				CLANG_WARN_OBJC_LITERAL_CONVERSION = YES;
				CLANG_WARN_OBJC_ROOT_CLASS = YES_ERROR;
				CLANG_WARN_RANGE_LOOP_ANALYSIS = YES;
				CLANG_WARN_STRICT_PROTOTYPES = YES;
				CLANG_WARN_SUSPICIOUS_MOVE = YES;
				CLANG_WARN_UNGUARDED_AVAILABILITY = YES_AGGRESSIVE;
				CLANG_WARN_UNREACHABLE_CODE = YES;
				CLANG_WARN__DUPLICATE_METHOD_MATCH = YES;
				COPY_PHASE_STRIP = NO;
				DEBUG_INFORMATION_FORMAT = "dwarf-with-dsym";
				ENABLE_NS_ASSERTIONS = NO;
				ENABLE_STRICT_OBJC_MSGSEND = YES;
				GCC_C_LANGUAGE_STANDARD = gnu11;
				GCC_NO_COMMON_BLOCKS = YES;
				GCC_WARN_64_TO_32_BIT_CONVERSION = YES;
				GCC_WARN_ABOUT_RETURN_TYPE = YES_ERROR;
				GCC_WARN_UNDECLARED_SELECTOR = YES;
				GCC_WARN_UNINITIALIZED_AUTOS = YES_AGGRESSIVE;
				GCC_WARN_UNUSED_FUNCTION = YES;
				GCC_WARN_UNUSED_VARIABLE = YES;
				IPHONEOS_DEPLOYMENT_TARGET = 13.4;
				MTL_ENABLE_DEBUG_INFO = NO;
				MTL_FAST_MATH = YES;
				SDKROOT = iphoneos;
				SWIFT_COMPILATION_MODE = wholemodule;
				SWIFT_OPTIMIZATION_LEVEL = "-O";
				VALIDATE_PRODUCT = YES;
			};
			name = Release;
		};
		A5539F3E2471E6C100E3F5B5 /* Debug */ = {
			isa = XCBuildConfiguration;
			baseConfigurationReference = 1E52D461DFD17FE58B83C7AF /* Pods-try-swiftUI-weather.debug.xcconfig */;
			buildSettings = {
				ASSETCATALOG_COMPILER_APPICON_NAME = AppIcon;
				CODE_SIGN_STYLE = Automatic;
				DEVELOPMENT_ASSET_PATHS = "\"try-swiftUI-weather/Preview Content\"";
				ENABLE_PREVIEWS = YES;
				INFOPLIST_FILE = "try-swiftUI-weather/Info.plist";
				LD_RUNPATH_SEARCH_PATHS = (
					"$(inherited)",
					"@executable_path/Frameworks",
				);
				PRODUCT_BUNDLE_IDENTIFIER = "watarumaeda.com.try-swiftUI-weather";
				PRODUCT_NAME = "$(TARGET_NAME)";
				SWIFT_VERSION = 5.0;
				TARGETED_DEVICE_FAMILY = "1,2";
			};
			name = Debug;
		};
		A5539F3F2471E6C100E3F5B5 /* Release */ = {
			isa = XCBuildConfiguration;
			baseConfigurationReference = C50AC70339C345E0ED374C85 /* Pods-try-swiftUI-weather.release.xcconfig */;
			buildSettings = {
				ASSETCATALOG_COMPILER_APPICON_NAME = AppIcon;
				CODE_SIGN_STYLE = Automatic;
				DEVELOPMENT_ASSET_PATHS = "\"try-swiftUI-weather/Preview Content\"";
				ENABLE_PREVIEWS = YES;
				INFOPLIST_FILE = "try-swiftUI-weather/Info.plist";
				LD_RUNPATH_SEARCH_PATHS = (
					"$(inherited)",
					"@executable_path/Frameworks",
				);
				PRODUCT_BUNDLE_IDENTIFIER = "watarumaeda.com.try-swiftUI-weather";
				PRODUCT_NAME = "$(TARGET_NAME)";
				SWIFT_VERSION = 5.0;
				TARGETED_DEVICE_FAMILY = "1,2";
			};
			name = Release;
		};
		A5539F412471E6C100E3F5B5 /* Debug */ = {
			isa = XCBuildConfiguration;
			baseConfigurationReference = 029DEC659B387AA130495171 /* Pods-try-swiftUI-weatherTests.debug.xcconfig */;
			buildSettings = {
				ALWAYS_EMBED_SWIFT_STANDARD_LIBRARIES = YES;
				BUNDLE_LOADER = "$(TEST_HOST)";
				CODE_SIGN_STYLE = Automatic;
				INFOPLIST_FILE = "try-swiftUI-weatherTests/Info.plist";
				IPHONEOS_DEPLOYMENT_TARGET = 13.4;
				LD_RUNPATH_SEARCH_PATHS = (
					"$(inherited)",
					"@executable_path/Frameworks",
					"@loader_path/Frameworks",
				);
				PRODUCT_BUNDLE_IDENTIFIER = "watarumaeda.com.try-swiftUI-weatherTests";
				PRODUCT_NAME = "$(TARGET_NAME)";
				SWIFT_VERSION = 5.0;
				TARGETED_DEVICE_FAMILY = "1,2";
				TEST_HOST = "$(BUILT_PRODUCTS_DIR)/try-swiftUI-weather.app/try-swiftUI-weather";
			};
			name = Debug;
		};
		A5539F422471E6C100E3F5B5 /* Release */ = {
			isa = XCBuildConfiguration;
			baseConfigurationReference = A581F72761E502022507910D /* Pods-try-swiftUI-weatherTests.release.xcconfig */;
			buildSettings = {
				ALWAYS_EMBED_SWIFT_STANDARD_LIBRARIES = YES;
				BUNDLE_LOADER = "$(TEST_HOST)";
				CODE_SIGN_STYLE = Automatic;
				INFOPLIST_FILE = "try-swiftUI-weatherTests/Info.plist";
				IPHONEOS_DEPLOYMENT_TARGET = 13.4;
				LD_RUNPATH_SEARCH_PATHS = (
					"$(inherited)",
					"@executable_path/Frameworks",
					"@loader_path/Frameworks",
				);
				PRODUCT_BUNDLE_IDENTIFIER = "watarumaeda.com.try-swiftUI-weatherTests";
				PRODUCT_NAME = "$(TARGET_NAME)";
				SWIFT_VERSION = 5.0;
				TARGETED_DEVICE_FAMILY = "1,2";
				TEST_HOST = "$(BUILT_PRODUCTS_DIR)/try-swiftUI-weather.app/try-swiftUI-weather";
			};
			name = Release;
		};
		A5539F442471E6C100E3F5B5 /* Debug */ = {
			isa = XCBuildConfiguration;
			baseConfigurationReference = D9AA4249852B9160B9965135 /* Pods-try-swiftUI-weather-try-swiftUI-weatherUITests.debug.xcconfig */;
			buildSettings = {
				ALWAYS_EMBED_SWIFT_STANDARD_LIBRARIES = YES;
				CODE_SIGN_STYLE = Automatic;
				INFOPLIST_FILE = "try-swiftUI-weatherUITests/Info.plist";
				LD_RUNPATH_SEARCH_PATHS = (
					"$(inherited)",
					"@executable_path/Frameworks",
					"@loader_path/Frameworks",
				);
				PRODUCT_BUNDLE_IDENTIFIER = "watarumaeda.com.try-swiftUI-weatherUITests";
				PRODUCT_NAME = "$(TARGET_NAME)";
				SWIFT_VERSION = 5.0;
				TARGETED_DEVICE_FAMILY = "1,2";
				TEST_TARGET_NAME = "try-swiftUI-weather";
			};
			name = Debug;
		};
		A5539F452471E6C100E3F5B5 /* Release */ = {
			isa = XCBuildConfiguration;
			baseConfigurationReference = 52C84027EB6AE17F96BFA657 /* Pods-try-swiftUI-weather-try-swiftUI-weatherUITests.release.xcconfig */;
			buildSettings = {
				ALWAYS_EMBED_SWIFT_STANDARD_LIBRARIES = YES;
				CODE_SIGN_STYLE = Automatic;
				INFOPLIST_FILE = "try-swiftUI-weatherUITests/Info.plist";
				LD_RUNPATH_SEARCH_PATHS = (
					"$(inherited)",
					"@executable_path/Frameworks",
					"@loader_path/Frameworks",
				);
				PRODUCT_BUNDLE_IDENTIFIER = "watarumaeda.com.try-swiftUI-weatherUITests";
				PRODUCT_NAME = "$(TARGET_NAME)";
				SWIFT_VERSION = 5.0;
				TARGETED_DEVICE_FAMILY = "1,2";
				TEST_TARGET_NAME = "try-swiftUI-weather";
			};
			name = Release;
		};
/* End XCBuildConfiguration section */

/* Begin XCConfigurationList section */
		A5539F0E2471E6BE00E3F5B5 /* Build configuration list for PBXProject "try-swiftUI-weather" */ = {
			isa = XCConfigurationList;
			buildConfigurations = (
				A5539F3B2471E6C100E3F5B5 /* Debug */,
				A5539F3C2471E6C100E3F5B5 /* Release */,
			);
			defaultConfigurationIsVisible = 0;
			defaultConfigurationName = Release;
		};
		A5539F3D2471E6C100E3F5B5 /* Build configuration list for PBXNativeTarget "try-swiftUI-weather" */ = {
			isa = XCConfigurationList;
			buildConfigurations = (
				A5539F3E2471E6C100E3F5B5 /* Debug */,
				A5539F3F2471E6C100E3F5B5 /* Release */,
			);
			defaultConfigurationIsVisible = 0;
			defaultConfigurationName = Release;
		};
		A5539F402471E6C100E3F5B5 /* Build configuration list for PBXNativeTarget "try-swiftUI-weatherTests" */ = {
			isa = XCConfigurationList;
			buildConfigurations = (
				A5539F412471E6C100E3F5B5 /* Debug */,
				A5539F422471E6C100E3F5B5 /* Release */,
			);
			defaultConfigurationIsVisible = 0;
			defaultConfigurationName = Release;
		};
		A5539F432471E6C100E3F5B5 /* Build configuration list for PBXNativeTarget "try-swiftUI-weatherUITests" */ = {
			isa = XCConfigurationList;
			buildConfigurations = (
				A5539F442471E6C100E3F5B5 /* Debug */,
				A5539F452471E6C100E3F5B5 /* Release */,
			);
			defaultConfigurationIsVisible = 0;
			defaultConfigurationName = Release;
		};
/* End XCConfigurationList section */
	};
	rootObject = A5539F0B2471E6BE00E3F5B5 /* Project object */;
}
