// !$*UTF8*$!
{
	archiveVersion = 1;
	classes = {
	};
	objectVersion = 48;
	objects = {

/* Begin PBXBuildFile section */
		04CD4CE82058CB810089D3CC /* AppDelegate.swift in Sources */ = {isa = PBXBuildFile; fileRef = 04CD4CE72058CB810089D3CC /* AppDelegate.swift */; };
		04CD4CEA2058CB810089D3CC /* ViewController.swift in Sources */ = {isa = PBXBuildFile; fileRef = 04CD4CE92058CB810089D3CC /* ViewController.swift */; };
		04CD4CED2058CB810089D3CC /* Main.storyboard in Resources */ = {isa = PBXBuildFile; fileRef = 04CD4CEB2058CB810089D3CC /* Main.storyboard */; };
		04CD4CEF2058CB810089D3CC /* Assets.xcassets in Resources */ = {isa = PBXBuildFile; fileRef = 04CD4CEE2058CB810089D3CC /* Assets.xcassets */; };
		04CD4CF22058CB810089D3CC /* LaunchScreen.storyboard in Resources */ = {isa = PBXBuildFile; fileRef = 04CD4CF02058CB810089D3CC /* LaunchScreen.storyboard */; };
		04CD4CFA2058CC080089D3CC /* ScaleImageView.swift in Sources */ = {isa = PBXBuildFile; fileRef = 04CD4CF92058CC080089D3CC /* ScaleImageView.swift */; };
		C25FBC43E2575E4D0CF2E695 /* Pods_try_scale_img.framework in Frameworks */ = {isa = PBXBuildFile; fileRef = 0D91A57B05B53E0B8389F55B /* Pods_try_scale_img.framework */; };
/* End PBXBuildFile section */

/* Begin PBXFileReference section */
		04CD4CE42058CB810089D3CC /* try_scale_img.app */ = {isa = PBXFileReference; explicitFileType = wrapper.application; includeInIndex = 0; path = try_scale_img.app; sourceTree = BUILT_PRODUCTS_DIR; };
		04CD4CE72058CB810089D3CC /* AppDelegate.swift */ = {isa = PBXFileReference; lastKnownFileType = sourcecode.swift; path = AppDelegate.swift; sourceTree = "<group>"; };
		04CD4CE92058CB810089D3CC /* ViewController.swift */ = {isa = PBXFileReference; lastKnownFileType = sourcecode.swift; path = ViewController.swift; sourceTree = "<group>"; };
		04CD4CEC2058CB810089D3CC /* Base */ = {isa = PBXFileReference; lastKnownFileType = file.storyboard; name = Base; path = Base.lproj/Main.storyboard; sourceTree = "<group>"; };
		04CD4CEE2058CB810089D3CC /* Assets.xcassets */ = {isa = PBXFileReference; lastKnownFileType = folder.assetcatalog; path = Assets.xcassets; sourceTree = "<group>"; };
		04CD4CF12058CB810089D3CC /* Base */ = {isa = PBXFileReference; lastKnownFileType = file.storyboard; name = Base; path = Base.lproj/LaunchScreen.storyboard; sourceTree = "<group>"; };
		04CD4CF32058CB810089D3CC /* Info.plist */ = {isa = PBXFileReference; lastKnownFileType = text.plist.xml; path = Info.plist; sourceTree = "<group>"; };
		04CD4CF92058CC080089D3CC /* ScaleImageView.swift */ = {isa = PBXFileReference; lastKnownFileType = sourcecode.swift; path = ScaleImageView.swift; sourceTree = "<group>"; };
		0D91A57B05B53E0B8389F55B /* Pods_try_scale_img.framework */ = {isa = PBXFileReference; explicitFileType = wrapper.framework; includeInIndex = 0; path = Pods_try_scale_img.framework; sourceTree = BUILT_PRODUCTS_DIR; };
		51EBBF778F93FA5DDAE4DA4F /* Pods-try_scale_img.release.xcconfig */ = {isa = PBXFileReference; includeInIndex = 1; lastKnownFileType = text.xcconfig; name = "Pods-try_scale_img.release.xcconfig"; path = "Pods/Target Support Files/Pods-try_scale_img/Pods-try_scale_img.release.xcconfig"; sourceTree = "<group>"; };
		85D179B55152791D1F0EF1E6 /* Pods-try_scale_img.debug.xcconfig */ = {isa = PBXFileReference; includeInIndex = 1; lastKnownFileType = text.xcconfig; name = "Pods-try_scale_img.debug.xcconfig"; path = "Pods/Target Support Files/Pods-try_scale_img/Pods-try_scale_img.debug.xcconfig"; sourceTree = "<group>"; };
/* End PBXFileReference section */

/* Begin PBXFrameworksBuildPhase section */
		04CD4CE12058CB810089D3CC /* Frameworks */ = {
			isa = PBXFrameworksBuildPhase;
			buildActionMask = 2147483647;
			files = (
				C25FBC43E2575E4D0CF2E695 /* Pods_try_scale_img.framework in Frameworks */,
			);
			runOnlyForDeploymentPostprocessing = 0;
		};
/* End PBXFrameworksBuildPhase section */

/* Begin PBXGroup section */
		04CD4CDB2058CB810089D3CC = {
			isa = PBXGroup;
			children = (
				04CD4CE62058CB810089D3CC /* try_scale_img */,
				04CD4CE52058CB810089D3CC /* Products */,
				22ABB2982318C12942817391 /* Pods */,
				6C1D2424899B840D79327C47 /* Frameworks */,
			);
			sourceTree = "<group>";
		};
		04CD4CE52058CB810089D3CC /* Products */ = {
			isa = PBXGroup;
			children = (
				04CD4CE42058CB810089D3CC /* try_scale_img.app */,
			);
			name = Products;
			sourceTree = "<group>";
		};
		04CD4CE62058CB810089D3CC /* try_scale_img */ = {
			isa = PBXGroup;
			children = (
				04CD4CE72058CB810089D3CC /* AppDelegate.swift */,
				04CD4CE92058CB810089D3CC /* ViewController.swift */,
				04CD4CF92058CC080089D3CC /* ScaleImageView.swift */,
				04CD4CEB2058CB810089D3CC /* Main.storyboard */,
				04CD4CEE2058CB810089D3CC /* Assets.xcassets */,
				04CD4CF02058CB810089D3CC /* LaunchScreen.storyboard */,
				04CD4CF32058CB810089D3CC /* Info.plist */,
			);
			path = try_scale_img;
			sourceTree = "<group>";
		};
		22ABB2982318C12942817391 /* Pods */ = {
			isa = PBXGroup;
			children = (
				85D179B55152791D1F0EF1E6 /* Pods-try_scale_img.debug.xcconfig */,
				51EBBF778F93FA5DDAE4DA4F /* Pods-try_scale_img.release.xcconfig */,
			);
			name = Pods;
			sourceTree = "<group>";
		};
		6C1D2424899B840D79327C47 /* Frameworks */ = {
			isa = PBXGroup;
			children = (
				0D91A57B05B53E0B8389F55B /* Pods_try_scale_img.framework */,
			);
			name = Frameworks;
			sourceTree = "<group>";
		};
/* End PBXGroup section */

/* Begin PBXNativeTarget section */
		04CD4CE32058CB810089D3CC /* try_scale_img */ = {
			isa = PBXNativeTarget;
			buildConfigurationList = 04CD4CF62058CB810089D3CC /* Build configuration list for PBXNativeTarget "try_scale_img" */;
			buildPhases = (
				15126B94921389FBE5709B89 /* [CP] Check Pods Manifest.lock */,
				04CD4CE02058CB810089D3CC /* Sources */,
				04CD4CE12058CB810089D3CC /* Frameworks */,
				04CD4CE22058CB810089D3CC /* Resources */,
				500A86E74FC5896EDE073625 /* [CP] Embed Pods Frameworks */,
				E898A927C99496CB60635E5B /* [CP] Copy Pods Resources */,
			);
			buildRules = (
			);
			dependencies = (
			);
			name = try_scale_img;
			productName = try_scale_img;
			productReference = 04CD4CE42058CB810089D3CC /* try_scale_img.app */;
			productType = "com.apple.product-type.application";
		};
/* End PBXNativeTarget section */

/* Begin PBXProject section */
		04CD4CDC2058CB810089D3CC /* Project object */ = {
			isa = PBXProject;
			attributes = {
				LastSwiftUpdateCheck = 0920;
				LastUpgradeCheck = 0920;
				ORGANIZATIONNAME = "Wataru Maeda";
				TargetAttributes = {
					04CD4CE32058CB810089D3CC = {
						CreatedOnToolsVersion = 9.2;
						ProvisioningStyle = Automatic;
					};
				};
			};
			buildConfigurationList = 04CD4CDF2058CB810089D3CC /* Build configuration list for PBXProject "try_scale_img" */;
			compatibilityVersion = "Xcode 8.0";
			developmentRegion = en;
			hasScannedForEncodings = 0;
			knownRegions = (
				en,
				Base,
			);
			mainGroup = 04CD4CDB2058CB810089D3CC;
			productRefGroup = 04CD4CE52058CB810089D3CC /* Products */;
			projectDirPath = "";
			projectRoot = "";
			targets = (
				04CD4CE32058CB810089D3CC /* try_scale_img */,
			);
		};
/* End PBXProject section */

/* Begin PBXResourcesBuildPhase section */
		04CD4CE22058CB810089D3CC /* Resources */ = {
			isa = PBXResourcesBuildPhase;
			buildActionMask = 2147483647;
			files = (
				04CD4CF22058CB810089D3CC /* LaunchScreen.storyboard in Resources */,
				04CD4CEF2058CB810089D3CC /* Assets.xcassets in Resources */,
				04CD4CED2058CB810089D3CC /* Main.storyboard in Resources */,
			);
			runOnlyForDeploymentPostprocessing = 0;
		};
/* End PBXResourcesBuildPhase section */

/* Begin PBXShellScriptBuildPhase section */
		15126B94921389FBE5709B89 /* [CP] Check Pods Manifest.lock */ = {
			isa = PBXShellScriptBuildPhase;
			buildActionMask = 2147483647;
			files = (
			);
			inputPaths = (
				"${PODS_PODFILE_DIR_PATH}/Podfile.lock",
				"${PODS_ROOT}/Manifest.lock",
			);
			name = "[CP] Check Pods Manifest.lock";
			outputPaths = (
				"$(DERIVED_FILE_DIR)/Pods-try_scale_img-checkManifestLockResult.txt",
			);
			runOnlyForDeploymentPostprocessing = 0;
			shellPath = /bin/sh;
			shellScript = "diff \"${PODS_PODFILE_DIR_PATH}/Podfile.lock\" \"${PODS_ROOT}/Manifest.lock\" > /dev/null\nif [ $? != 0 ] ; then\n    # print error to STDERR\n    echo \"error: The sandbox is not in sync with the Podfile.lock. Run 'pod install' or update your CocoaPods installation.\" >&2\n    exit 1\nfi\n# This output is used by Xcode 'outputs' to avoid re-running this script phase.\necho \"SUCCESS\" > \"${SCRIPT_OUTPUT_FILE_0}\"\n";
			showEnvVarsInLog = 0;
		};
		500A86E74FC5896EDE073625 /* [CP] Embed Pods Frameworks */ = {
			isa = PBXShellScriptBuildPhase;
			buildActionMask = 2147483647;
			files = (
			);
			inputPaths = (
				"${SRCROOT}/Pods/Target Support Files/Pods-try_scale_img/Pods-try_scale_img-frameworks.sh",
				"${BUILT_PRODUCTS_DIR}/Spring/Spring.framework",
			);
			name = "[CP] Embed Pods Frameworks";
			outputPaths = (
				"${TARGET_BUILD_DIR}/${FRAMEWORKS_FOLDER_PATH}/Spring.framework",
			);
			runOnlyForDeploymentPostprocessing = 0;
			shellPath = /bin/sh;
			shellScript = "\"${SRCROOT}/Pods/Target Support Files/Pods-try_scale_img/Pods-try_scale_img-frameworks.sh\"\n";
			showEnvVarsInLog = 0;
		};
		E898A927C99496CB60635E5B /* [CP] Copy Pods Resources */ = {
			isa = PBXShellScriptBuildPhase;
			buildActionMask = 2147483647;
			files = (
			);
			inputPaths = (
			);
			name = "[CP] Copy Pods Resources";
			outputPaths = (
			);
			runOnlyForDeploymentPostprocessing = 0;
			shellPath = /bin/sh;
			shellScript = "\"${SRCROOT}/Pods/Target Support Files/Pods-try_scale_img/Pods-try_scale_img-resources.sh\"\n";
			showEnvVarsInLog = 0;
		};
/* End PBXShellScriptBuildPhase section */

/* Begin PBXSourcesBuildPhase section */
		04CD4CE02058CB810089D3CC /* Sources */ = {
			isa = PBXSourcesBuildPhase;
			buildActionMask = 2147483647;
			files = (
				04CD4CEA2058CB810089D3CC /* ViewController.swift in Sources */,
				04CD4CE82058CB810089D3CC /* AppDelegate.swift in Sources */,
				04CD4CFA2058CC080089D3CC /* ScaleImageView.swift in Sources */,
			);
			runOnlyForDeploymentPostprocessing = 0;
		};
/* End PBXSourcesBuildPhase section */

/* Begin PBXVariantGroup section */
		04CD4CEB2058CB810089D3CC /* Main.storyboard */ = {
			isa = PBXVariantGroup;
			children = (
				04CD4CEC2058CB810089D3CC /* Base */,
			);
			name = Main.storyboard;
			sourceTree = "<group>";
		};
		04CD4CF02058CB810089D3CC /* LaunchScreen.storyboard */ = {
			isa = PBXVariantGroup;
			children = (
				04CD4CF12058CB810089D3CC /* Base */,
			);
			name = LaunchScreen.storyboard;
			sourceTree = "<group>";
		};
/* End PBXVariantGroup section */

/* Begin XCBuildConfiguration section */
		04CD4CF42058CB810089D3CC /* Debug */ = {
			isa = XCBuildConfiguration;
			buildSettings = {
				ALWAYS_SEARCH_USER_PATHS = NO;
				CLANG_ANALYZER_NONNULL = YES;
				CLANG_ANALYZER_NUMBER_OBJECT_CONVERSION = YES_AGGRESSIVE;
				CLANG_CXX_LANGUAGE_STANDARD = "gnu++14";
				CLANG_CXX_LIBRARY = "libc++";
				CLANG_ENABLE_MODULES = YES;
				CLANG_ENABLE_OBJC_ARC = YES;
				CLANG_WARN_BLOCK_CAPTURE_AUTORELEASING = YES;
				CLANG_WARN_BOOL_CONVERSION = YES;
				CLANG_WARN_COMMA = YES;
				CLANG_WARN_CONSTANT_CONVERSION = YES;
				CLANG_WARN_DIRECT_OBJC_ISA_USAGE = YES_ERROR;
				CLANG_WARN_DOCUMENTATION_COMMENTS = YES;
				CLANG_WARN_EMPTY_BODY = YES;
				CLANG_WARN_ENUM_CONVERSION = YES;
				CLANG_WARN_INFINITE_RECURSION = YES;
				CLANG_WARN_INT_CONVERSION = YES;
				CLANG_WARN_NON_LITERAL_NULL_CONVERSION = YES;
				CLANG_WARN_OBJC_LITERAL_CONVERSION = YES;
				CLANG_WARN_OBJC_ROOT_CLASS = YES_ERROR;
				CLANG_WARN_RANGE_LOOP_ANALYSIS = YES;
				CLANG_WARN_STRICT_PROTOTYPES = YES;
				CLANG_WARN_SUSPICIOUS_MOVE = YES;
				CLANG_WARN_UNGUARDED_AVAILABILITY = YES_AGGRESSIVE;
				CLANG_WARN_UNREACHABLE_CODE = YES;
				CLANG_WARN__DUPLICATE_METHOD_MATCH = YES;
				CODE_SIGN_IDENTITY = "iPhone Developer";
				COPY_PHASE_STRIP = NO;
				DEBUG_INFORMATION_FORMAT = dwarf;
				ENABLE_STRICT_OBJC_MSGSEND = YES;
				ENABLE_TESTABILITY = YES;
				GCC_C_LANGUAGE_STANDARD = gnu11;
				GCC_DYNAMIC_NO_PIC = NO;
				GCC_NO_COMMON_BLOCKS = YES;
				GCC_OPTIMIZATION_LEVEL = 0;
				GCC_PREPROCESSOR_DEFINITIONS = (
					"DEBUG=1",
					"$(inherited)",
				);
				GCC_WARN_64_TO_32_BIT_CONVERSION = YES;
				GCC_WARN_ABOUT_RETURN_TYPE = YES_ERROR;
				GCC_WARN_UNDECLARED_SELECTOR = YES;
				GCC_WARN_UNINITIALIZED_AUTOS = YES_AGGRESSIVE;
				GCC_WARN_UNUSED_FUNCTION = YES;
				GCC_WARN_UNUSED_VARIABLE = YES;
				IPHONEOS_DEPLOYMENT_TARGET = 11.2;
				MTL_ENABLE_DEBUG_INFO = YES;
				ONLY_ACTIVE_ARCH = YES;
				SDKROOT = iphoneos;
				SWIFT_ACTIVE_COMPILATION_CONDITIONS = DEBUG;
				SWIFT_OPTIMIZATION_LEVEL = "-Onone";
			};
			name = Debug;
		};
		04CD4CF52058CB810089D3CC /* Release */ = {
			isa = XCBuildConfiguration;
			buildSettings = {
				ALWAYS_SEARCH_USER_PATHS = NO;
				CLANG_ANALYZER_NONNULL = YES;
				CLANG_ANALYZER_NUMBER_OBJECT_CONVERSION = YES_AGGRESSIVE;
				CLANG_CXX_LANGUAGE_STANDARD = "gnu++14";
				CLANG_CXX_LIBRARY = "libc++";
				CLANG_ENABLE_MODULES = YES;
				CLANG_ENABLE_OBJC_ARC = YES;
				CLANG_WARN_BLOCK_CAPTURE_AUTORELEASING = YES;
				CLANG_WARN_BOOL_CONVERSION = YES;
				CLANG_WARN_COMMA = YES;
				CLANG_WARN_CONSTANT_CONVERSION = YES;
				CLANG_WARN_DIRECT_OBJC_ISA_USAGE = YES_ERROR;
				CLANG_WARN_DOCUMENTATION_COMMENTS = YES;
				CLANG_WARN_EMPTY_BODY = YES;
				CLANG_WARN_ENUM_CONVERSION = YES;
				CLANG_WARN_INFINITE_RECURSION = YES;
				CLANG_WARN_INT_CONVERSION = YES;
				CLANG_WARN_NON_LITERAL_NULL_CONVERSION = YES;
				CLANG_WARN_OBJC_LITERAL_CONVERSION = YES;
				CLANG_WARN_OBJC_ROOT_CLASS = YES_ERROR;
				CLANG_WARN_RANGE_LOOP_ANALYSIS = YES;
				CLANG_WARN_STRICT_PROTOTYPES = YES;
				CLANG_WARN_SUSPICIOUS_MOVE = YES;
				CLANG_WARN_UNGUARDED_AVAILABILITY = YES_AGGRESSIVE;
				CLANG_WARN_UNREACHABLE_CODE = YES;
				CLANG_WARN__DUPLICATE_METHOD_MATCH = YES;
				CODE_SIGN_IDENTITY = "iPhone Developer";
				COPY_PHASE_STRIP = NO;
				DEBUG_INFORMATION_FORMAT = "dwarf-with-dsym";
				ENABLE_NS_ASSERTIONS = NO;
				ENABLE_STRICT_OBJC_MSGSEND = YES;
				GCC_C_LANGUAGE_STANDARD = gnu11;
				GCC_NO_COMMON_BLOCKS = YES;
				GCC_WARN_64_TO_32_BIT_CONVERSION = YES;
				GCC_WARN_ABOUT_RETURN_TYPE = YES_ERROR;
				GCC_WARN_UNDECLARED_SELECTOR = YES;
				GCC_WARN_UNINITIALIZED_AUTOS = YES_AGGRESSIVE;
				GCC_WARN_UNUSED_FUNCTION = YES;
				GCC_WARN_UNUSED_VARIABLE = YES;
				IPHONEOS_DEPLOYMENT_TARGET = 11.2;
				MTL_ENABLE_DEBUG_INFO = NO;
				SDKROOT = iphoneos;
				SWIFT_OPTIMIZATION_LEVEL = "-Owholemodule";
				VALIDATE_PRODUCT = YES;
			};
			name = Release;
		};
		04CD4CF72058CB810089D3CC /* Debug */ = {
			isa = XCBuildConfiguration;
			baseConfigurationReference = 85D179B55152791D1F0EF1E6 /* Pods-try_scale_img.debug.xcconfig */;
			buildSettings = {
				ASSETCATALOG_COMPILER_APPICON_NAME = AppIcon;
				CODE_SIGN_STYLE = Automatic;
				INFOPLIST_FILE = try_scale_img/Info.plist;
				LD_RUNPATH_SEARCH_PATHS = "$(inherited) @executable_path/Frameworks";
				PRODUCT_BUNDLE_IDENTIFIER = "WataruMaeda.try-scale-img";
				PRODUCT_NAME = "$(TARGET_NAME)";
				SWIFT_VERSION = 4.0;
				TARGETED_DEVICE_FAMILY = "1,2";
			};
			name = Debug;
		};
		04CD4CF82058CB810089D3CC /* Release */ = {
			isa = XCBuildConfiguration;
			baseConfigurationReference = 51EBBF778F93FA5DDAE4DA4F /* Pods-try_scale_img.release.xcconfig */;
			buildSettings = {
				ASSETCATALOG_COMPILER_APPICON_NAME = AppIcon;
				CODE_SIGN_STYLE = Automatic;
				INFOPLIST_FILE = try_scale_img/Info.plist;
				LD_RUNPATH_SEARCH_PATHS = "$(inherited) @executable_path/Frameworks";
				PRODUCT_BUNDLE_IDENTIFIER = "WataruMaeda.try-scale-img";
				PRODUCT_NAME = "$(TARGET_NAME)";
				SWIFT_VERSION = 4.0;
				TARGETED_DEVICE_FAMILY = "1,2";
			};
			name = Release;
		};
/* End XCBuildConfiguration section */

/* Begin XCConfigurationList section */
		04CD4CDF2058CB810089D3CC /* Build configuration list for PBXProject "try_scale_img" */ = {
			isa = XCConfigurationList;
			buildConfigurations = (
				04CD4CF42058CB810089D3CC /* Debug */,
				04CD4CF52058CB810089D3CC /* Release */,
			);
			defaultConfigurationIsVisible = 0;
			defaultConfigurationName = Release;
		};
		04CD4CF62058CB810089D3CC /* Build configuration list for PBXNativeTarget "try_scale_img" */ = {
			isa = XCConfigurationList;
			buildConfigurations = (
				04CD4CF72058CB810089D3CC /* Debug */,
				04CD4CF82058CB810089D3CC /* Release */,
			);
			defaultConfigurationIsVisible = 0;
			defaultConfigurationName = Release;
		};
/* End XCConfigurationList section */
	};
	rootObject = 04CD4CDC2058CB810089D3CC /* Project object */;
}
