// !$*UTF8*$!
{
	archiveVersion = 1;
	classes = {
	};
	objectVersion = 50;
	objects = {

/* Begin PBXBuildFile section */
		04067BB821F3CDFD004A58EF /* AppDelegate.swift in Sources */ = {isa = PBXBuildFile; fileRef = 04067BB721F3CDFD004A58EF /* AppDelegate.swift */; };
		04067BBA21F3CDFD004A58EF /* ViewController.swift in Sources */ = {isa = PBXBuildFile; fileRef = 04067BB921F3CDFD004A58EF /* ViewController.swift */; };
		04067BBD21F3CDFD004A58EF /* Main.storyboard in Resources */ = {isa = PBXBuildFile; fileRef = 04067BBB21F3CDFD004A58EF /* Main.storyboard */; };
		04067BBF21F3CDFE004A58EF /* Assets.xcassets in Resources */ = {isa = PBXBuildFile; fileRef = 04067BBE21F3CDFE004A58EF /* Assets.xcassets */; };
		04067BC221F3CDFE004A58EF /* LaunchScreen.storyboard in Resources */ = {isa = PBXBuildFile; fileRef = 04067BC021F3CDFE004A58EF /* LaunchScreen.storyboard */; };
		04067BCC21F3CED1004A58EF /* ViewControllerA.swift in Sources */ = {isa = PBXBuildFile; fileRef = 04067BCB21F3CED1004A58EF /* ViewControllerA.swift */; };
		04067BCE21F3CEDF004A58EF /* ViewControllerB.swift in Sources */ = {isa = PBXBuildFile; fileRef = 04067BCD21F3CEDF004A58EF /* ViewControllerB.swift */; };
		04067BD221F3D32C004A58EF /* PageMenuView.swift in Sources */ = {isa = PBXBuildFile; fileRef = 04067BD121F3D32C004A58EF /* PageMenuView.swift */; };
		04067BD521F3D4F3004A58EF /* TabAController.swift in Sources */ = {isa = PBXBuildFile; fileRef = 04067BD421F3D4F3004A58EF /* TabAController.swift */; };
		04067BD721F3DC3C004A58EF /* TabBarController.swift in Sources */ = {isa = PBXBuildFile; fileRef = 04067BD621F3DC3C004A58EF /* TabBarController.swift */; };
/* End PBXBuildFile section */

/* Begin PBXFileReference section */
		04067BB421F3CDFC004A58EF /* sample-tab-pageMenu.app */ = {isa = PBXFileReference; explicitFileType = wrapper.application; includeInIndex = 0; path = "sample-tab-pageMenu.app"; sourceTree = BUILT_PRODUCTS_DIR; };
		04067BB721F3CDFD004A58EF /* AppDelegate.swift */ = {isa = PBXFileReference; lastKnownFileType = sourcecode.swift; path = AppDelegate.swift; sourceTree = "<group>"; };
		04067BB921F3CDFD004A58EF /* ViewController.swift */ = {isa = PBXFileReference; lastKnownFileType = sourcecode.swift; path = ViewController.swift; sourceTree = "<group>"; };
		04067BBC21F3CDFD004A58EF /* Base */ = {isa = PBXFileReference; lastKnownFileType = file.storyboard; name = Base; path = Base.lproj/Main.storyboard; sourceTree = "<group>"; };
		04067BBE21F3CDFE004A58EF /* Assets.xcassets */ = {isa = PBXFileReference; lastKnownFileType = folder.assetcatalog; path = Assets.xcassets; sourceTree = "<group>"; };
		04067BC121F3CDFE004A58EF /* Base */ = {isa = PBXFileReference; lastKnownFileType = file.storyboard; name = Base; path = Base.lproj/LaunchScreen.storyboard; sourceTree = "<group>"; };
		04067BC321F3CDFE004A58EF /* Info.plist */ = {isa = PBXFileReference; lastKnownFileType = text.plist.xml; path = Info.plist; sourceTree = "<group>"; };
		04067BCB21F3CED1004A58EF /* ViewControllerA.swift */ = {isa = PBXFileReference; lastKnownFileType = sourcecode.swift; path = ViewControllerA.swift; sourceTree = "<group>"; };
		04067BCD21F3CEDF004A58EF /* ViewControllerB.swift */ = {isa = PBXFileReference; lastKnownFileType = sourcecode.swift; path = ViewControllerB.swift; sourceTree = "<group>"; };
		04067BD121F3D32C004A58EF /* PageMenuView.swift */ = {isa = PBXFileReference; fileEncoding = 4; lastKnownFileType = sourcecode.swift; path = PageMenuView.swift; sourceTree = "<group>"; };
		04067BD421F3D4F3004A58EF /* TabAController.swift */ = {isa = PBXFileReference; lastKnownFileType = sourcecode.swift; path = TabAController.swift; sourceTree = "<group>"; };
		04067BD621F3DC3C004A58EF /* TabBarController.swift */ = {isa = PBXFileReference; lastKnownFileType = sourcecode.swift; path = TabBarController.swift; sourceTree = "<group>"; };
/* End PBXFileReference section */

/* Begin PBXFrameworksBuildPhase section */
		04067BB121F3CDFC004A58EF /* Frameworks */ = {
			isa = PBXFrameworksBuildPhase;
			buildActionMask = 2147483647;
			files = (
			);
			runOnlyForDeploymentPostprocessing = 0;
		};
/* End PBXFrameworksBuildPhase section */

/* Begin PBXGroup section */
		04067BAB21F3CDFC004A58EF = {
			isa = PBXGroup;
			children = (
				04067BB621F3CDFC004A58EF /* sample-tab-pageMenu */,
				04067BB521F3CDFC004A58EF /* Products */,
			);
			sourceTree = "<group>";
		};
		04067BB521F3CDFC004A58EF /* Products */ = {
			isa = PBXGroup;
			children = (
				04067BB421F3CDFC004A58EF /* sample-tab-pageMenu.app */,
			);
			name = Products;
			sourceTree = "<group>";
		};
		04067BB621F3CDFC004A58EF /* sample-tab-pageMenu */ = {
			isa = PBXGroup;
			children = (
				04067BB721F3CDFD004A58EF /* AppDelegate.swift */,
				04067BD621F3DC3C004A58EF /* TabBarController.swift */,
				04067BD321F3D49B004A58EF /* PageMenuView */,
				04067BC921F3CEA6004A58EF /* TabA */,
				04067BCA21F3CEB1004A58EF /* TabB */,
				04067BBB21F3CDFD004A58EF /* Main.storyboard */,
				04067BBE21F3CDFE004A58EF /* Assets.xcassets */,
				04067BC021F3CDFE004A58EF /* LaunchScreen.storyboard */,
				04067BC321F3CDFE004A58EF /* Info.plist */,
			);
			path = "sample-tab-pageMenu";
			sourceTree = "<group>";
		};
		04067BC921F3CEA6004A58EF /* TabA */ = {
			isa = PBXGroup;
			children = (
				04067BD421F3D4F3004A58EF /* TabAController.swift */,
				04067BCB21F3CED1004A58EF /* ViewControllerA.swift */,
				04067BCD21F3CEDF004A58EF /* ViewControllerB.swift */,
			);
			name = TabA;
			sourceTree = "<group>";
		};
		04067BCA21F3CEB1004A58EF /* TabB */ = {
			isa = PBXGroup;
			children = (
				04067BB921F3CDFD004A58EF /* ViewController.swift */,
			);
			path = TabB;
			sourceTree = "<group>";
		};
		04067BD321F3D49B004A58EF /* PageMenuView */ = {
			isa = PBXGroup;
			children = (
				04067BD121F3D32C004A58EF /* PageMenuView.swift */,
			);
			name = PageMenuView;
			sourceTree = "<group>";
		};
/* End PBXGroup section */

/* Begin PBXNativeTarget section */
		04067BB321F3CDFC004A58EF /* sample-tab-pageMenu */ = {
			isa = PBXNativeTarget;
			buildConfigurationList = 04067BC621F3CDFE004A58EF /* Build configuration list for PBXNativeTarget "sample-tab-pageMenu" */;
			buildPhases = (
				04067BB021F3CDFC004A58EF /* Sources */,
				04067BB121F3CDFC004A58EF /* Frameworks */,
				04067BB221F3CDFC004A58EF /* Resources */,
			);
			buildRules = (
			);
			dependencies = (
			);
			name = "sample-tab-pageMenu";
			productName = "sample-tab-pageMenu";
			productReference = 04067BB421F3CDFC004A58EF /* sample-tab-pageMenu.app */;
			productType = "com.apple.product-type.application";
		};
/* End PBXNativeTarget section */

/* Begin PBXProject section */
		04067BAC21F3CDFC004A58EF /* Project object */ = {
			isa = PBXProject;
			attributes = {
				LastSwiftUpdateCheck = 1010;
				LastUpgradeCheck = 1010;
				ORGANIZATIONNAME = com.watarumaeda;
				TargetAttributes = {
					04067BB321F3CDFC004A58EF = {
						CreatedOnToolsVersion = 10.1;
					};
				};
			};
			buildConfigurationList = 04067BAF21F3CDFC004A58EF /* Build configuration list for PBXProject "sample-tab-pageMenu" */;
			compatibilityVersion = "Xcode 9.3";
			developmentRegion = en;
			hasScannedForEncodings = 0;
			knownRegions = (
				en,
				Base,
			);
			mainGroup = 04067BAB21F3CDFC004A58EF;
			productRefGroup = 04067BB521F3CDFC004A58EF /* Products */;
			projectDirPath = "";
			projectRoot = "";
			targets = (
				04067BB321F3CDFC004A58EF /* sample-tab-pageMenu */,
			);
		};
/* End PBXProject section */

/* Begin PBXResourcesBuildPhase section */
		04067BB221F3CDFC004A58EF /* Resources */ = {
			isa = PBXResourcesBuildPhase;
			buildActionMask = 2147483647;
			files = (
				04067BC221F3CDFE004A58EF /* LaunchScreen.storyboard in Resources */,
				04067BBF21F3CDFE004A58EF /* Assets.xcassets in Resources */,
				04067BBD21F3CDFD004A58EF /* Main.storyboard in Resources */,
			);
			runOnlyForDeploymentPostprocessing = 0;
		};
/* End PBXResourcesBuildPhase section */

/* Begin PBXSourcesBuildPhase section */
		04067BB021F3CDFC004A58EF /* Sources */ = {
			isa = PBXSourcesBuildPhase;
			buildActionMask = 2147483647;
			files = (
				04067BBA21F3CDFD004A58EF /* ViewController.swift in Sources */,
				04067BCE21F3CEDF004A58EF /* ViewControllerB.swift in Sources */,
				04067BD521F3D4F3004A58EF /* TabAController.swift in Sources */,
				04067BCC21F3CED1004A58EF /* ViewControllerA.swift in Sources */,
				04067BD721F3DC3C004A58EF /* TabBarController.swift in Sources */,
				04067BD221F3D32C004A58EF /* PageMenuView.swift in Sources */,
				04067BB821F3CDFD004A58EF /* AppDelegate.swift in Sources */,
			);
			runOnlyForDeploymentPostprocessing = 0;
		};
/* End PBXSourcesBuildPhase section */

/* Begin PBXVariantGroup section */
		04067BBB21F3CDFD004A58EF /* Main.storyboard */ = {
			isa = PBXVariantGroup;
			children = (
				04067BBC21F3CDFD004A58EF /* Base */,
			);
			name = Main.storyboard;
			sourceTree = "<group>";
		};
		04067BC021F3CDFE004A58EF /* LaunchScreen.storyboard */ = {
			isa = PBXVariantGroup;
			children = (
				04067BC121F3CDFE004A58EF /* Base */,
			);
			name = LaunchScreen.storyboard;
			sourceTree = "<group>";
		};
/* End PBXVariantGroup section */

/* Begin XCBuildConfiguration section */
		04067BC421F3CDFE004A58EF /* Debug */ = {
			isa = XCBuildConfiguration;
			buildSettings = {
				ALWAYS_SEARCH_USER_PATHS = NO;
				CLANG_ANALYZER_NONNULL = YES;
				CLANG_ANALYZER_NUMBER_OBJECT_CONVERSION = YES_AGGRESSIVE;
				CLANG_CXX_LANGUAGE_STANDARD = "gnu++14";
				CLANG_CXX_LIBRARY = "libc++";
				CLANG_ENABLE_MODULES = YES;
				CLANG_ENABLE_OBJC_ARC = YES;
				CLANG_ENABLE_OBJC_WEAK = YES;
				CLANG_WARN_BLOCK_CAPTURE_AUTORELEASING = YES;
				CLANG_WARN_BOOL_CONVERSION = YES;
				CLANG_WARN_COMMA = YES;
				CLANG_WARN_CONSTANT_CONVERSION = YES;
				CLANG_WARN_DEPRECATED_OBJC_IMPLEMENTATIONS = YES;
				CLANG_WARN_DIRECT_OBJC_ISA_USAGE = YES_ERROR;
				CLANG_WARN_DOCUMENTATION_COMMENTS = YES;
				CLANG_WARN_EMPTY_BODY = YES;
				CLANG_WARN_ENUM_CONVERSION = YES;
				CLANG_WARN_INFINITE_RECURSION = YES;
				CLANG_WARN_INT_CONVERSION = YES;
				CLANG_WARN_NON_LITERAL_NULL_CONVERSION = YES;
				CLANG_WARN_OBJC_IMPLICIT_RETAIN_SELF = YES;
				CLANG_WARN_OBJC_LITERAL_CONVERSION = YES;
				CLANG_WARN_OBJC_ROOT_CLASS = YES_ERROR;
				CLANG_WARN_RANGE_LOOP_ANALYSIS = YES;
				CLANG_WARN_STRICT_PROTOTYPES = YES;
				CLANG_WARN_SUSPICIOUS_MOVE = YES;
				CLANG_WARN_UNGUARDED_AVAILABILITY = YES_AGGRESSIVE;
				CLANG_WARN_UNREACHABLE_CODE = YES;
				CLANG_WARN__DUPLICATE_METHOD_MATCH = YES;
				CODE_SIGN_IDENTITY = "iPhone Developer";
				COPY_PHASE_STRIP = NO;
				DEBUG_INFORMATION_FORMAT = dwarf;
				ENABLE_STRICT_OBJC_MSGSEND = YES;
				ENABLE_TESTABILITY = YES;
				GCC_C_LANGUAGE_STANDARD = gnu11;
				GCC_DYNAMIC_NO_PIC = NO;
				GCC_NO_COMMON_BLOCKS = YES;
				GCC_OPTIMIZATION_LEVEL = 0;
				GCC_PREPROCESSOR_DEFINITIONS = (
					"DEBUG=1",
					"$(inherited)",
				);
				GCC_WARN_64_TO_32_BIT_CONVERSION = YES;
				GCC_WARN_ABOUT_RETURN_TYPE = YES_ERROR;
				GCC_WARN_UNDECLARED_SELECTOR = YES;
				GCC_WARN_UNINITIALIZED_AUTOS = YES_AGGRESSIVE;
				GCC_WARN_UNUSED_FUNCTION = YES;
				GCC_WARN_UNUSED_VARIABLE = YES;
				IPHONEOS_DEPLOYMENT_TARGET = 12.1;
				MTL_ENABLE_DEBUG_INFO = INCLUDE_SOURCE;
				MTL_FAST_MATH = YES;
				ONLY_ACTIVE_ARCH = YES;
				SDKROOT = iphoneos;
				SWIFT_ACTIVE_COMPILATION_CONDITIONS = DEBUG;
				SWIFT_OPTIMIZATION_LEVEL = "-Onone";
			};
			name = Debug;
		};
		04067BC521F3CDFE004A58EF /* Release */ = {
			isa = XCBuildConfiguration;
			buildSettings = {
				ALWAYS_SEARCH_USER_PATHS = NO;
				CLANG_ANALYZER_NONNULL = YES;
				CLANG_ANALYZER_NUMBER_OBJECT_CONVERSION = YES_AGGRESSIVE;
				CLANG_CXX_LANGUAGE_STANDARD = "gnu++14";
				CLANG_CXX_LIBRARY = "libc++";
				CLANG_ENABLE_MODULES = YES;
				CLANG_ENABLE_OBJC_ARC = YES;
				CLANG_ENABLE_OBJC_WEAK = YES;
				CLANG_WARN_BLOCK_CAPTURE_AUTORELEASING = YES;
				CLANG_WARN_BOOL_CONVERSION = YES;
				CLANG_WARN_COMMA = YES;
				CLANG_WARN_CONSTANT_CONVERSION = YES;
				CLANG_WARN_DEPRECATED_OBJC_IMPLEMENTATIONS = YES;
				CLANG_WARN_DIRECT_OBJC_ISA_USAGE = YES_ERROR;
				CLANG_WARN_DOCUMENTATION_COMMENTS = YES;
				CLANG_WARN_EMPTY_BODY = YES;
				CLANG_WARN_ENUM_CONVERSION = YES;
				CLANG_WARN_INFINITE_RECURSION = YES;
				CLANG_WARN_INT_CONVERSION = YES;
				CLANG_WARN_NON_LITERAL_NULL_CONVERSION = YES;
				CLANG_WARN_OBJC_IMPLICIT_RETAIN_SELF = YES;
				CLANG_WARN_OBJC_LITERAL_CONVERSION = YES;
				CLANG_WARN_OBJC_ROOT_CLASS = YES_ERROR;
				CLANG_WARN_RANGE_LOOP_ANALYSIS = YES;
				CLANG_WARN_STRICT_PROTOTYPES = YES;
				CLANG_WARN_SUSPICIOUS_MOVE = YES;
				CLANG_WARN_UNGUARDED_AVAILABILITY = YES_AGGRESSIVE;
				CLANG_WARN_UNREACHABLE_CODE = YES;
				CLANG_WARN__DUPLICATE_METHOD_MATCH = YES;
				CODE_SIGN_IDENTITY = "iPhone Developer";
				COPY_PHASE_STRIP = NO;
				DEBUG_INFORMATION_FORMAT = "dwarf-with-dsym";
				ENABLE_NS_ASSERTIONS = NO;
				ENABLE_STRICT_OBJC_MSGSEND = YES;
				GCC_C_LANGUAGE_STANDARD = gnu11;
				GCC_NO_COMMON_BLOCKS = YES;
				GCC_WARN_64_TO_32_BIT_CONVERSION = YES;
				GCC_WARN_ABOUT_RETURN_TYPE = YES_ERROR;
				GCC_WARN_UNDECLARED_SELECTOR = YES;
				GCC_WARN_UNINITIALIZED_AUTOS = YES_AGGRESSIVE;
				GCC_WARN_UNUSED_FUNCTION = YES;
				GCC_WARN_UNUSED_VARIABLE = YES;
				IPHONEOS_DEPLOYMENT_TARGET = 12.1;
				MTL_ENABLE_DEBUG_INFO = NO;
				MTL_FAST_MATH = YES;
				SDKROOT = iphoneos;
				SWIFT_COMPILATION_MODE = wholemodule;
				SWIFT_OPTIMIZATION_LEVEL = "-O";
				VALIDATE_PRODUCT = YES;
			};
			name = Release;
		};
		04067BC721F3CDFE004A58EF /* Debug */ = {
			isa = XCBuildConfiguration;
			buildSettings = {
				ASSETCATALOG_COMPILER_APPICON_NAME = AppIcon;
				CODE_SIGN_STYLE = Automatic;
				DEVELOPMENT_TEAM = 3TNAJJ5Z2T;
				INFOPLIST_FILE = "sample-tab-pageMenu/Info.plist";
				LD_RUNPATH_SEARCH_PATHS = (
					"$(inherited)",
					"@executable_path/Frameworks",
				);
				PRODUCT_BUNDLE_IDENTIFIER = "WataruMaeda.sample-tab-pageMenu";
				PRODUCT_NAME = "$(TARGET_NAME)";
				SWIFT_VERSION = 4.2;
				TARGETED_DEVICE_FAMILY = "1,2";
			};
			name = Debug;
		};
		04067BC821F3CDFE004A58EF /* Release */ = {
			isa = XCBuildConfiguration;
			buildSettings = {
				ASSETCATALOG_COMPILER_APPICON_NAME = AppIcon;
				CODE_SIGN_STYLE = Automatic;
				DEVELOPMENT_TEAM = 3TNAJJ5Z2T;
				INFOPLIST_FILE = "sample-tab-pageMenu/Info.plist";
				LD_RUNPATH_SEARCH_PATHS = (
					"$(inherited)",
					"@executable_path/Frameworks",
				);
				PRODUCT_BUNDLE_IDENTIFIER = "WataruMaeda.sample-tab-pageMenu";
				PRODUCT_NAME = "$(TARGET_NAME)";
				SWIFT_VERSION = 4.2;
				TARGETED_DEVICE_FAMILY = "1,2";
			};
			name = Release;
		};
/* End XCBuildConfiguration section */

/* Begin XCConfigurationList section */
		04067BAF21F3CDFC004A58EF /* Build configuration list for PBXProject "sample-tab-pageMenu" */ = {
			isa = XCConfigurationList;
			buildConfigurations = (
				04067BC421F3CDFE004A58EF /* Debug */,
				04067BC521F3CDFE004A58EF /* Release */,
			);
			defaultConfigurationIsVisible = 0;
			defaultConfigurationName = Release;
		};
		04067BC621F3CDFE004A58EF /* Build configuration list for PBXNativeTarget "sample-tab-pageMenu" */ = {
			isa = XCConfigurationList;
			buildConfigurations = (
				04067BC721F3CDFE004A58EF /* Debug */,
				04067BC821F3CDFE004A58EF /* Release */,
			);
			defaultConfigurationIsVisible = 0;
			defaultConfigurationName = Release;
		};
/* End XCConfigurationList section */
	};
	rootObject = 04067BAC21F3CDFC004A58EF /* Project object */;
}
