PODS:
  - ACEDrawingView (2.2.1)
  - Alamofire (4.7.0)
  - TesseractOCRiOS (4.0.0)

DEPENDENCIES:
  - ACEDrawingView
  - Alamofire (~> 4.7)
  - TesseractOCRiOS

SPEC CHECKSUMS:
  ACEDrawingView: fa6e8461682a54db3ac65151474fc77ef7e54fd2
  Alamofire: 907e0a98eb68cdb7f9d1f541a563d6ac5dc77b25
  TesseractOCRiOS: 90638afbe43d082433f2e76b384c7901d23956df

PODFILE CHECKSUM: 5f0b4772a72d4a366685c00f02e51dc394c2ed99

COCOAPODS: 1.4.0
