PODS:
  - ACEDrawingView (2.2.1)
  - Alamofire (4.7.0)

DEPENDENCIES:
  - ACEDrawingView
  - Alamofire (~> 4.7)

SPEC CHECKSUMS:
  ACEDrawingView: fa6e8461682a54db3ac65151474fc77ef7e54fd2
  Alamofire: 907e0a98eb68cdb7f9d1f541a563d6ac5dc77b25

PODFILE CHECKSUM: 44301ce78fa65fd775b7dc1b342458db3c45bf48

COCOAPODS: 1.4.0
