// !$*UTF8*$!
{
	archiveVersion = 1;
	classes = {
	};
	objectVersion = 48;
	objects = {

/* Begin PBXBuildFile section */
		A521DCE31FC78EDF0066978B /* AppDelegate.swift in Sources */ = {isa = PBXBuildFile; fileRef = A521DCE21FC78EDF0066978B /* AppDelegate.swift */; };
		A521DCE51FC78EDF0066978B /* ViewController.swift in Sources */ = {isa = PBXBuildFile; fileRef = A521DCE41FC78EDF0066978B /* ViewController.swift */; };
		A521DCE81FC78EDF0066978B /* Main.storyboard in Resources */ = {isa = PBXBuildFile; fileRef = A521DCE61FC78EDF0066978B /* Main.storyboard */; };
		A521DCEA1FC78EDF0066978B /* Assets.xcassets in Resources */ = {isa = PBXBuildFile; fileRef = A521DCE91FC78EDF0066978B /* Assets.xcassets */; };
		A521DCED1FC78EDF0066978B /* LaunchScreen.storyboard in Resources */ = {isa = PBXBuildFile; fileRef = A521DCEB1FC78EDF0066978B /* LaunchScreen.storyboard */; };
		A521DCF51FC78F520066978B /* VideoPicker.swift in Sources */ = {isa = PBXBuildFile; fileRef = A521DCF41FC78F520066978B /* VideoPicker.swift */; };
/* End PBXBuildFile section */

/* Begin PBXFileReference section */
		A521DCDF1FC78EDF0066978B /* try_video_picker.app */ = {isa = PBXFileReference; explicitFileType = wrapper.application; includeInIndex = 0; path = try_video_picker.app; sourceTree = BUILT_PRODUCTS_DIR; };
		A521DCE21FC78EDF0066978B /* AppDelegate.swift */ = {isa = PBXFileReference; lastKnownFileType = sourcecode.swift; path = AppDelegate.swift; sourceTree = "<group>"; };
		A521DCE41FC78EDF0066978B /* ViewController.swift */ = {isa = PBXFileReference; lastKnownFileType = sourcecode.swift; path = ViewController.swift; sourceTree = "<group>"; };
		A521DCE71FC78EDF0066978B /* Base */ = {isa = PBXFileReference; lastKnownFileType = file.storyboard; name = Base; path = Base.lproj/Main.storyboard; sourceTree = "<group>"; };
		A521DCE91FC78EDF0066978B /* Assets.xcassets */ = {isa = PBXFileReference; lastKnownFileType = folder.assetcatalog; path = Assets.xcassets; sourceTree = "<group>"; };
		A521DCEC1FC78EDF0066978B /* Base */ = {isa = PBXFileReference; lastKnownFileType = file.storyboard; name = Base; path = Base.lproj/LaunchScreen.storyboard; sourceTree = "<group>"; };
		A521DCEE1FC78EDF0066978B /* Info.plist */ = {isa = PBXFileReference; lastKnownFileType = text.plist.xml; path = Info.plist; sourceTree = "<group>"; };
		A521DCF41FC78F520066978B /* VideoPicker.swift */ = {isa = PBXFileReference; lastKnownFileType = sourcecode.swift; path = VideoPicker.swift; sourceTree = "<group>"; };
/* End PBXFileReference section */

/* Begin PBXFrameworksBuildPhase section */
		A521DCDC1FC78EDF0066978B /* Frameworks */ = {
			isa = PBXFrameworksBuildPhase;
			buildActionMask = 2147483647;
			files = (
			);
			runOnlyForDeploymentPostprocessing = 0;
		};
/* End PBXFrameworksBuildPhase section */

/* Begin PBXGroup section */
		A521DCD61FC78EDF0066978B = {
			isa = PBXGroup;
			children = (
				A521DCE11FC78EDF0066978B /* try_video_picker */,
				A521DCE01FC78EDF0066978B /* Products */,
			);
			sourceTree = "<group>";
		};
		A521DCE01FC78EDF0066978B /* Products */ = {
			isa = PBXGroup;
			children = (
				A521DCDF1FC78EDF0066978B /* try_video_picker.app */,
			);
			name = Products;
			sourceTree = "<group>";
		};
		A521DCE11FC78EDF0066978B /* try_video_picker */ = {
			isa = PBXGroup;
			children = (
				A521DCE21FC78EDF0066978B /* AppDelegate.swift */,
				A521DCE41FC78EDF0066978B /* ViewController.swift */,
				A521DCF41FC78F520066978B /* VideoPicker.swift */,
				A521DCE61FC78EDF0066978B /* Main.storyboard */,
				A521DCE91FC78EDF0066978B /* Assets.xcassets */,
				A521DCEB1FC78EDF0066978B /* LaunchScreen.storyboard */,
				A521DCEE1FC78EDF0066978B /* Info.plist */,
			);
			path = try_video_picker;
			sourceTree = "<group>";
		};
/* End PBXGroup section */

/* Begin PBXNativeTarget section */
		A521DCDE1FC78EDF0066978B /* try_video_picker */ = {
			isa = PBXNativeTarget;
			buildConfigurationList = A521DCF11FC78EDF0066978B /* Build configuration list for PBXNativeTarget "try_video_picker" */;
			buildPhases = (
				A521DCDB1FC78EDF0066978B /* Sources */,
				A521DCDC1FC78EDF0066978B /* Frameworks */,
				A521DCDD1FC78EDF0066978B /* Resources */,
			);
			buildRules = (
			);
			dependencies = (
			);
			name = try_video_picker;
			productName = try_video_picker;
			productReference = A521DCDF1FC78EDF0066978B /* try_video_picker.app */;
			productType = "com.apple.product-type.application";
		};
/* End PBXNativeTarget section */

/* Begin PBXProject section */
		A521DCD71FC78EDF0066978B /* Project object */ = {
			isa = PBXProject;
			attributes = {
				LastSwiftUpdateCheck = 0910;
				LastUpgradeCheck = 0910;
				ORGANIZATIONNAME = com.wmaeda;
				TargetAttributes = {
					A521DCDE1FC78EDF0066978B = {
						CreatedOnToolsVersion = 9.1;
						ProvisioningStyle = Automatic;
					};
				};
			};
			buildConfigurationList = A521DCDA1FC78EDF0066978B /* Build configuration list for PBXProject "try_video_picker" */;
			compatibilityVersion = "Xcode 8.0";
			developmentRegion = en;
			hasScannedForEncodings = 0;
			knownRegions = (
				en,
				Base,
			);
			mainGroup = A521DCD61FC78EDF0066978B;
			productRefGroup = A521DCE01FC78EDF0066978B /* Products */;
			projectDirPath = "";
			projectRoot = "";
			targets = (
				A521DCDE1FC78EDF0066978B /* try_video_picker */,
			);
		};
/* End PBXProject section */

/* Begin PBXResourcesBuildPhase section */
		A521DCDD1FC78EDF0066978B /* Resources */ = {
			isa = PBXResourcesBuildPhase;
			buildActionMask = 2147483647;
			files = (
				A521DCED1FC78EDF0066978B /* LaunchScreen.storyboard in Resources */,
				A521DCEA1FC78EDF0066978B /* Assets.xcassets in Resources */,
				A521DCE81FC78EDF0066978B /* Main.storyboard in Resources */,
			);
			runOnlyForDeploymentPostprocessing = 0;
		};
/* End PBXResourcesBuildPhase section */

/* Begin PBXSourcesBuildPhase section */
		A521DCDB1FC78EDF0066978B /* Sources */ = {
			isa = PBXSourcesBuildPhase;
			buildActionMask = 2147483647;
			files = (
				A521DCF51FC78F520066978B /* VideoPicker.swift in Sources */,
				A521DCE51FC78EDF0066978B /* ViewController.swift in Sources */,
				A521DCE31FC78EDF0066978B /* AppDelegate.swift in Sources */,
			);
			runOnlyForDeploymentPostprocessing = 0;
		};
/* End PBXSourcesBuildPhase section */

/* Begin PBXVariantGroup section */
		A521DCE61FC78EDF0066978B /* Main.storyboard */ = {
			isa = PBXVariantGroup;
			children = (
				A521DCE71FC78EDF0066978B /* Base */,
			);
			name = Main.storyboard;
			sourceTree = "<group>";
		};
		A521DCEB1FC78EDF0066978B /* LaunchScreen.storyboard */ = {
			isa = PBXVariantGroup;
			children = (
				A521DCEC1FC78EDF0066978B /* Base */,
			);
			name = LaunchScreen.storyboard;
			sourceTree = "<group>";
		};
/* End PBXVariantGroup section */

/* Begin XCBuildConfiguration section */
		A521DCEF1FC78EDF0066978B /* Debug */ = {
			isa = XCBuildConfiguration;
			buildSettings = {
				ALWAYS_SEARCH_USER_PATHS = NO;
				CLANG_ANALYZER_NONNULL = YES;
				CLANG_ANALYZER_NUMBER_OBJECT_CONVERSION = YES_AGGRESSIVE;
				CLANG_CXX_LANGUAGE_STANDARD = "gnu++14";
				CLANG_CXX_LIBRARY = "libc++";
				CLANG_ENABLE_MODULES = YES;
				CLANG_ENABLE_OBJC_ARC = YES;
				CLANG_WARN_BLOCK_CAPTURE_AUTORELEASING = YES;
				CLANG_WARN_BOOL_CONVERSION = YES;
				CLANG_WARN_COMMA = YES;
				CLANG_WARN_CONSTANT_CONVERSION = YES;
				CLANG_WARN_DIRECT_OBJC_ISA_USAGE = YES_ERROR;
				CLANG_WARN_DOCUMENTATION_COMMENTS = YES;
				CLANG_WARN_EMPTY_BODY = YES;
				CLANG_WARN_ENUM_CONVERSION = YES;
				CLANG_WARN_INFINITE_RECURSION = YES;
				CLANG_WARN_INT_CONVERSION = YES;
				CLANG_WARN_NON_LITERAL_NULL_CONVERSION = YES;
				CLANG_WARN_OBJC_LITERAL_CONVERSION = YES;
				CLANG_WARN_OBJC_ROOT_CLASS = YES_ERROR;
				CLANG_WARN_RANGE_LOOP_ANALYSIS = YES;
				CLANG_WARN_STRICT_PROTOTYPES = YES;
				CLANG_WARN_SUSPICIOUS_MOVE = YES;
				CLANG_WARN_UNGUARDED_AVAILABILITY = YES_AGGRESSIVE;
				CLANG_WARN_UNREACHABLE_CODE = YES;
				CLANG_WARN__DUPLICATE_METHOD_MATCH = YES;
				CODE_SIGN_IDENTITY = "iPhone Developer";
				COPY_PHASE_STRIP = NO;
				DEBUG_INFORMATION_FORMAT = dwarf;
				ENABLE_STRICT_OBJC_MSGSEND = YES;
				ENABLE_TESTABILITY = YES;
				GCC_C_LANGUAGE_STANDARD = gnu11;
				GCC_DYNAMIC_NO_PIC = NO;
				GCC_NO_COMMON_BLOCKS = YES;
				GCC_OPTIMIZATION_LEVEL = 0;
				GCC_PREPROCESSOR_DEFINITIONS = (
					"DEBUG=1",
					"$(inherited)",
				);
				GCC_WARN_64_TO_32_BIT_CONVERSION = YES;
				GCC_WARN_ABOUT_RETURN_TYPE = YES_ERROR;
				GCC_WARN_UNDECLARED_SELECTOR = YES;
				GCC_WARN_UNINITIALIZED_AUTOS = YES_AGGRESSIVE;
				GCC_WARN_UNUSED_FUNCTION = YES;
				GCC_WARN_UNUSED_VARIABLE = YES;
				IPHONEOS_DEPLOYMENT_TARGET = 11.1;
				MTL_ENABLE_DEBUG_INFO = YES;
				ONLY_ACTIVE_ARCH = YES;
				SDKROOT = iphoneos;
				SWIFT_ACTIVE_COMPILATION_CONDITIONS = DEBUG;
				SWIFT_OPTIMIZATION_LEVEL = "-Onone";
			};
			name = Debug;
		};
		A521DCF01FC78EDF0066978B /* Release */ = {
			isa = XCBuildConfiguration;
			buildSettings = {
				ALWAYS_SEARCH_USER_PATHS = NO;
				CLANG_ANALYZER_NONNULL = YES;
				CLANG_ANALYZER_NUMBER_OBJECT_CONVERSION = YES_AGGRESSIVE;
				CLANG_CXX_LANGUAGE_STANDARD = "gnu++14";
				CLANG_CXX_LIBRARY = "libc++";
				CLANG_ENABLE_MODULES = YES;
				CLANG_ENABLE_OBJC_ARC = YES;
				CLANG_WARN_BLOCK_CAPTURE_AUTORELEASING = YES;
				CLANG_WARN_BOOL_CONVERSION = YES;
				CLANG_WARN_COMMA = YES;
				CLANG_WARN_CONSTANT_CONVERSION = YES;
				CLANG_WARN_DIRECT_OBJC_ISA_USAGE = YES_ERROR;
				CLANG_WARN_DOCUMENTATION_COMMENTS = YES;
				CLANG_WARN_EMPTY_BODY = YES;
				CLANG_WARN_ENUM_CONVERSION = YES;
				CLANG_WARN_INFINITE_RECURSION = YES;
				CLANG_WARN_INT_CONVERSION = YES;
				CLANG_WARN_NON_LITERAL_NULL_CONVERSION = YES;
				CLANG_WARN_OBJC_LITERAL_CONVERSION = YES;
				CLANG_WARN_OBJC_ROOT_CLASS = YES_ERROR;
				CLANG_WARN_RANGE_LOOP_ANALYSIS = YES;
				CLANG_WARN_STRICT_PROTOTYPES = YES;
				CLANG_WARN_SUSPICIOUS_MOVE = YES;
				CLANG_WARN_UNGUARDED_AVAILABILITY = YES_AGGRESSIVE;
				CLANG_WARN_UNREACHABLE_CODE = YES;
				CLANG_WARN__DUPLICATE_METHOD_MATCH = YES;
				CODE_SIGN_IDENTITY = "iPhone Developer";
				COPY_PHASE_STRIP = NO;
				DEBUG_INFORMATION_FORMAT = "dwarf-with-dsym";
				ENABLE_NS_ASSERTIONS = NO;
				ENABLE_STRICT_OBJC_MSGSEND = YES;
				GCC_C_LANGUAGE_STANDARD = gnu11;
				GCC_NO_COMMON_BLOCKS = YES;
				GCC_WARN_64_TO_32_BIT_CONVERSION = YES;
				GCC_WARN_ABOUT_RETURN_TYPE = YES_ERROR;
				GCC_WARN_UNDECLARED_SELECTOR = YES;
				GCC_WARN_UNINITIALIZED_AUTOS = YES_AGGRESSIVE;
				GCC_WARN_UNUSED_FUNCTION = YES;
				GCC_WARN_UNUSED_VARIABLE = YES;
				IPHONEOS_DEPLOYMENT_TARGET = 11.1;
				MTL_ENABLE_DEBUG_INFO = NO;
				SDKROOT = iphoneos;
				SWIFT_OPTIMIZATION_LEVEL = "-Owholemodule";
				VALIDATE_PRODUCT = YES;
			};
			name = Release;
		};
		A521DCF21FC78EDF0066978B /* Debug */ = {
			isa = XCBuildConfiguration;
			buildSettings = {
				ASSETCATALOG_COMPILER_APPICON_NAME = AppIcon;
				CODE_SIGN_STYLE = Automatic;
				DEVELOPMENT_TEAM = 3TNAJJ5Z2T;
				INFOPLIST_FILE = try_video_picker/Info.plist;
				LD_RUNPATH_SEARCH_PATHS = "$(inherited) @executable_path/Frameworks";
				PRODUCT_BUNDLE_IDENTIFIER = "Wataru-Maeda.try-video-picker";
				PRODUCT_NAME = "$(TARGET_NAME)";
				SWIFT_VERSION = 4.0;
				TARGETED_DEVICE_FAMILY = "1,2";
			};
			name = Debug;
		};
		A521DCF31FC78EDF0066978B /* Release */ = {
			isa = XCBuildConfiguration;
			buildSettings = {
				ASSETCATALOG_COMPILER_APPICON_NAME = AppIcon;
				CODE_SIGN_STYLE = Automatic;
				DEVELOPMENT_TEAM = 3TNAJJ5Z2T;
				INFOPLIST_FILE = try_video_picker/Info.plist;
				LD_RUNPATH_SEARCH_PATHS = "$(inherited) @executable_path/Frameworks";
				PRODUCT_BUNDLE_IDENTIFIER = "Wataru-Maeda.try-video-picker";
				PRODUCT_NAME = "$(TARGET_NAME)";
				SWIFT_VERSION = 4.0;
				TARGETED_DEVICE_FAMILY = "1,2";
			};
			name = Release;
		};
/* End XCBuildConfiguration section */

/* Begin XCConfigurationList section */
		A521DCDA1FC78EDF0066978B /* Build configuration list for PBXProject "try_video_picker" */ = {
			isa = XCConfigurationList;
			buildConfigurations = (
				A521DCEF1FC78EDF0066978B /* Debug */,
				A521DCF01FC78EDF0066978B /* Release */,
			);
			defaultConfigurationIsVisible = 0;
			defaultConfigurationName = Release;
		};
		A521DCF11FC78EDF0066978B /* Build configuration list for PBXNativeTarget "try_video_picker" */ = {
			isa = XCConfigurationList;
			buildConfigurations = (
				A521DCF21FC78EDF0066978B /* Debug */,
				A521DCF31FC78EDF0066978B /* Release */,
			);
			defaultConfigurationIsVisible = 0;
			defaultConfigurationName = Release;
		};
/* End XCConfigurationList section */
	};
	rootObject = A521DCD71FC78EDF0066978B /* Project object */;
}
